// !$*UTF8*$!
{
	archiveVersion = 1;
	classes = {
	};
	objectVersion = 55;
	objects = {

/* Begin PBXBuildFile section */
		F9392E3F279FD87800E8FEEC /* AppDelegate.swift in Sources */ = {isa = PBXBuildFile; fileRef = F9392E3E279FD87800E8FEEC /* AppDelegate.swift */; };
		F9392E41279FD87800E8FEEC /* SceneDelegate.swift in Sources */ = {isa = PBXBuildFile; fileRef = F9392E40279FD87800E8FEEC /* SceneDelegate.swift */; };
		F9392E43279FD87800E8FEEC /* ViewController.swift in Sources */ = {isa = PBXBuildFile; fileRef = F9392E42279FD87800E8FEEC /* ViewController.swift */; };
		F9392E46279FD87800E8FEEC /* Main.storyboard in Resources */ = {isa = PBXBuildFile; fileRef = F9392E44279FD87800E8FEEC /* Main.storyboard */; };
		F9392E48279FD87A00E8FEEC /* Assets.xcassets in Resources */ = {isa = PBXBuildFile; fileRef = F9392E47279FD87A00E8FEEC /* Assets.xcassets */; };
		F9392E4B279FD87A00E8FEEC /* LaunchScreen.storyboard in Resources */ = {isa = PBXBuildFile; fileRef = F9392E49279FD87A00E8FEEC /* LaunchScreen.storyboard */; };
		F9392E53279FDFC400E8FEEC /* MapAlertViewController.swift in Sources */ = {isa = PBXBuildFile; fileRef = F9392E52279FDFC400E8FEEC /* MapAlertViewController.swift */; };
		F9392E55279FE29E00E8FEEC /* MapKitViewController.swift in Sources */ = {isa = PBXBuildFile; fileRef = F9392E54279FE29E00E8FEEC /* MapKitViewController.swift */; };
		F9392E59279FE3D300E8FEEC /* rating5@2x.png in Resources */ = {isa = PBXBuildFile; fileRef = F9392E57279FE3D300E8FEEC /* rating5@2x.png */; };
		F9392E5A279FE3D300E8FEEC /* note.png in Resources */ = {isa = PBXBuildFile; fileRef = F9392E58279FE3D300E8FEEC /* note.png */; };
		F9392E5C279FE3EB00E8FEEC /* ImageViewController.swift in Sources */ = {isa = PBXBuildFile; fileRef = F9392E5B279FE3EB00E8FEEC /* ImageViewController.swift */; };
		F9392E5E279FE8F900E8FEEC /* ControlViewController.swift in Sources */ = {isa = PBXBuildFile; fileRef = F9392E5D279FE8F900E8FEEC /* ControlViewController.swift */; };
		F9392E60279FF01200E8FEEC /* ListViewController.swift in Sources */ = {isa = PBXBuildFile; fileRef = F9392E5F279FF01200E8FEEC /* ListViewController.swift */; };
/* End PBXBuildFile section */

/* Begin PBXFileReference section */
		F9392E3B279FD87800E8FEEC /* Chapter03-Alert.app */ = {isa = PBXFileReference; explicitFileType = wrapper.application; includeInIndex = 0; path = "Chapter03-Alert.app"; sourceTree = BUILT_PRODUCTS_DIR; };
		F9392E3E279FD87800E8FEEC /* AppDelegate.swift */ = {isa = PBXFileReference; lastKnownFileType = sourcecode.swift; path = AppDelegate.swift; sourceTree = "<group>"; };
		F9392E40279FD87800E8FEEC /* SceneDelegate.swift */ = {isa = PBXFileReference; lastKnownFileType = sourcecode.swift; path = SceneDelegate.swift; sourceTree = "<group>"; };
		F9392E42279FD87800E8FEEC /* ViewController.swift */ = {isa = PBXFileReference; lastKnownFileType = sourcecode.swift; path = ViewController.swift; sourceTree = "<group>"; };
		F9392E45279FD87800E8FEEC /* Base */ = {isa = PBXFileReference; lastKnownFileType = file.storyboard; name = Base; path = Base.lproj/Main.storyboard; sourceTree = "<group>"; };
		F9392E47279FD87A00E8FEEC /* Assets.xcassets */ = {isa = PBXFileReference; lastKnownFileType = folder.assetcatalog; path = Assets.xcassets; sourceTree = "<group>"; };
		F9392E4A279FD87A00E8FEEC /* Base */ = {isa = PBXFileReference; lastKnownFileType = file.storyboard; name = Base; path = Base.lproj/LaunchScreen.storyboard; sourceTree = "<group>"; };
		F9392E4C279FD87A00E8FEEC /* Info.plist */ = {isa = PBXFileReference; lastKnownFileType = text.plist.xml; path = Info.plist; sourceTree = "<group>"; };
		F9392E52279FDFC400E8FEEC /* MapAlertViewController.swift */ = {isa = PBXFileReference; lastKnownFileType = sourcecode.swift; path = MapAlertViewController.swift; sourceTree = "<group>"; };
		F9392E54279FE29E00E8FEEC /* MapKitViewController.swift */ = {isa = PBXFileReference; lastKnownFileType = sourcecode.swift; path = MapKitViewController.swift; sourceTree = "<group>"; };
		F9392E57279FE3D300E8FEEC /* rating5@2x.png */ = {isa = PBXFileReference; lastKnownFileType = image.png; path = "rating5@2x.png"; sourceTree = "<group>"; };
		F9392E58279FE3D300E8FEEC /* note.png */ = {isa = PBXFileReference; lastKnownFileType = image.png; path = note.png; sourceTree = "<group>"; };
		F9392E5B279FE3EB00E8FEEC /* ImageViewController.swift */ = {isa = PBXFileReference; lastKnownFileType = sourcecode.swift; path = ImageViewController.swift; sourceTree = "<group>"; };
		F9392E5D279FE8F900E8FEEC /* ControlViewController.swift */ = {isa = PBXFileReference; lastKnownFileType = sourcecode.swift; path = ControlViewController.swift; sourceTree = "<group>"; };
		F9392E5F279FF01200E8FEEC /* ListViewController.swift */ = {isa = PBXFileReference; lastKnownFileType = sourcecode.swift; path = ListViewController.swift; sourceTree = "<group>"; };
/* End PBXFileReference section */

/* Begin PBXFrameworksBuildPhase section */
		F9392E38279FD87800E8FEEC /* Frameworks */ = {
			isa = PBXFrameworksBuildPhase;
			buildActionMask = 2147483647;
			files = (
			);
			runOnlyForDeploymentPostprocessing = 0;
		};
/* End PBXFrameworksBuildPhase section */

/* Begin PBXGroup section */
		F9392E32279FD87800E8FEEC = {
			isa = PBXGroup;
			children = (
				F9392E56279FE38200E8FEEC /* Resources */,
				F9392E3D279FD87800E8FEEC /* Chapter03-Alert */,
				F9392E3C279FD87800E8FEEC /* Products */,
			);
			sourceTree = "<group>";
		};
		F9392E3C279FD87800E8FEEC /* Products */ = {
			isa = PBXGroup;
			children = (
				F9392E3B279FD87800E8FEEC /* Chapter03-Alert.app */,
			);
			name = Products;
			sourceTree = "<group>";
		};
		F9392E3D279FD87800E8FEEC /* Chapter03-Alert */ = {
			isa = PBXGroup;
			children = (
				F9392E3E279FD87800E8FEEC /* AppDelegate.swift */,
				F9392E40279FD87800E8FEEC /* SceneDelegate.swift */,
				F9392E42279FD87800E8FEEC /* ViewController.swift */,
				F9392E52279FDFC400E8FEEC /* MapAlertViewController.swift */,
				F9392E5F279FF01200E8FEEC /* ListViewController.swift */,
				F9392E5D279FE8F900E8FEEC /* ControlViewController.swift */,
				F9392E5B279FE3EB00E8FEEC /* ImageViewController.swift */,
				F9392E54279FE29E00E8FEEC /* MapKitViewController.swift */,
				F9392E44279FD87800E8FEEC /* Main.storyboard */,
				F9392E47279FD87A00E8FEEC /* Assets.xcassets */,
				F9392E49279FD87A00E8FEEC /* LaunchScreen.storyboard */,
				F9392E4C279FD87A00E8FEEC /* Info.plist */,
			);
			path = "Chapter03-Alert";
			sourceTree = "<group>";
		};
		F9392E56279FE38200E8FEEC /* Resources */ = {
			isa = PBXGroup;
			children = (
				F9392E58279FE3D300E8FEEC /* note.png */,
				F9392E57279FE3D300E8FEEC /* rating5@2x.png */,
			);
			path = Resources;
			sourceTree = "<group>";
		};
/* End PBXGroup section */

/* Begin PBXNativeTarget section */
		F9392E3A279FD87800E8FEEC /* Chapter03-Alert */ = {
			isa = PBXNativeTarget;
			buildConfigurationList = F9392E4F279FD87A00E8FEEC /* Build configuration list for PBXNativeTarget "Chapter03-Alert" */;
			buildPhases = (
				F9392E37279FD87800E8FEEC /* Sources */,
				F9392E38279FD87800E8FEEC /* Frameworks */,
				F9392E39279FD87800E8FEEC /* Resources */,
			);
			buildRules = (
			);
			dependencies = (
			);
			name = "Chapter03-Alert";
			productName = "Chapter03-Alert";
			productReference = F9392E3B279FD87800E8FEEC /* Chapter03-Alert.app */;
			productType = "com.apple.product-type.application";
		};
/* End PBXNativeTarget section */

/* Begin PBXProject section */
		F9392E33279FD87800E8FEEC /* Project object */ = {
			isa = PBXProject;
			attributes = {
				BuildIndependentTargetsInParallel = 1;
				LastSwiftUpdateCheck = 1310;
				LastUpgradeCheck = 1310;
				TargetAttributes = {
					F9392E3A279FD87800E8FEEC = {
						CreatedOnToolsVersion = 13.1;
					};
				};
			};
			buildConfigurationList = F9392E36279FD87800E8FEEC /* Build configuration list for PBXProject "Chapter03-Alert" */;
			compatibilityVersion = "Xcode 13.0";
			developmentRegion = en;
			hasScannedForEncodings = 0;
			knownRegions = (
				en,
				Base,
			);
			mainGroup = F9392E32279FD87800E8FEEC;
			productRefGroup = F9392E3C279FD87800E8FEEC /* Products */;
			projectDirPath = "";
			projectRoot = "";
			targets = (
				F9392E3A279FD87800E8FEEC /* Chapter03-Alert */,
			);
		};
/* End PBXProject section */

/* Begin PBXResourcesBuildPhase section */
		F9392E39279FD87800E8FEEC /* Resources */ = {
			isa = PBXResourcesBuildPhase;
			buildActionMask = 2147483647;
			files = (
				F9392E4B279FD87A00E8FEEC /* LaunchScreen.storyboard in Resources */,
				F9392E5A279FE3D300E8FEEC /* note.png in Resources */,
				F9392E59279FE3D300E8FEEC /* rating5@2x.png in Resources */,
				F9392E48279FD87A00E8FEEC /* Assets.xcassets in Resources */,
				F9392E46279FD87800E8FEEC /* Main.storyboard in Resources */,
			);
			runOnlyForDeploymentPostprocessing = 0;
		};
/* End PBXResourcesBuildPhase section */

/* Begin PBXSourcesBuildPhase section */
		F9392E37279FD87800E8FEEC /* Sources */ = {
			isa = PBXSourcesBuildPhase;
			buildActionMask = 2147483647;
			files = (
				F9392E53279FDFC400E8FEEC /* MapAlertViewController.swift in Sources */,
				F9392E55279FE29E00E8FEEC /* MapKitViewController.swift in Sources */,
				F9392E43279FD87800E8FEEC /* ViewController.swift in Sources */,
				F9392E3F279FD87800E8FEEC /* AppDelegate.swift in Sources */,
				F9392E5C279FE3EB00E8FEEC /* ImageViewController.swift in Sources */,
				F9392E41279FD87800E8FEEC /* SceneDelegate.swift in Sources */,
				F9392E60279FF01200E8FEEC /* ListViewController.swift in Sources */,
				F9392E5E279FE8F900E8FEEC /* ControlViewController.swift in Sources */,
			);
			runOnlyForDeploymentPostprocessing = 0;
		};
/* End PBXSourcesBuildPhase section */

/* Begin PBXVariantGroup section */
		F9392E44279FD87800E8FEEC /* Main.storyboard */ = {
			isa = PBXVariantGroup;
			children = (
				F9392E45279FD87800E8FEEC /* Base */,
			);
			name = Main.storyboard;
			sourceTree = "<group>";
		};
		F9392E49279FD87A00E8FEEC /* LaunchScreen.storyboard */ = {
			isa = PBXVariantGroup;
			children = (
				F9392E4A279FD87A00E8FEEC /* Base */,
			);
			name = LaunchScreen.storyboard;
			sourceTree = "<group>";
		};
/* End PBXVariantGroup section */

/* Begin XCBuildConfiguration section */
		F9392E4D279FD87A00E8FEEC /* Debug */ = {
			isa = XCBuildConfiguration;
			buildSettings = {
				ALWAYS_SEARCH_USER_PATHS = NO;
				CLANG_ANALYZER_NONNULL = YES;
				CLANG_ANALYZER_NUMBER_OBJECT_CONVERSION = YES_AGGRESSIVE;
				CLANG_CXX_LANGUAGE_STANDARD = "gnu++17";
				CLANG_CXX_LIBRARY = "libc++";
				CLANG_ENABLE_MODULES = YES;
				CLANG_ENABLE_OBJC_ARC = YES;
				CLANG_ENABLE_OBJC_WEAK = YES;
				CLANG_WARN_BLOCK_CAPTURE_AUTORELEASING = YES;
				CLANG_WARN_BOOL_CONVERSION = YES;
				CLANG_WARN_COMMA = YES;
				CLANG_WARN_CONSTANT_CONVERSION = YES;
				CLANG_WARN_DEPRECATED_OBJC_IMPLEMENTATIONS = YES;
				CLANG_WARN_DIRECT_OBJC_ISA_USAGE = YES_ERROR;
				CLANG_WARN_DOCUMENTATION_COMMENTS = YES;
				CLANG_WARN_EMPTY_BODY = YES;
				CLANG_WARN_ENUM_CONVERSION = YES;
				CLANG_WARN_INFINITE_RECURSION = YES;
				CLANG_WARN_INT_CONVERSION = YES;
				CLANG_WARN_NON_LITERAL_NULL_CONVERSION = YES;
				CLANG_WARN_OBJC_IMPLICIT_RETAIN_SELF = YES;
				CLANG_WARN_OBJC_LITERAL_CONVERSION = YES;
				CLANG_WARN_OBJC_ROOT_CLASS = YES_ERROR;
				CLANG_WARN_QUOTED_INCLUDE_IN_FRAMEWORK_HEADER = YES;
				CLANG_WARN_RANGE_LOOP_ANALYSIS = YES;
				CLANG_WARN_STRICT_PROTOTYPES = YES;
				CLANG_WARN_SUSPICIOUS_MOVE = YES;
				CLANG_WARN_UNGUARDED_AVAILABILITY = YES_AGGRESSIVE;
				CLANG_WARN_UNREACHABLE_CODE = YES;
				CLANG_WARN__DUPLICATE_METHOD_MATCH = YES;
				COPY_PHASE_STRIP = NO;
				DEBUG_INFORMATION_FORMAT = dwarf;
				ENABLE_STRICT_OBJC_MSGSEND = YES;
				ENABLE_TESTABILITY = YES;
				GCC_C_LANGUAGE_STANDARD = gnu11;
				GCC_DYNAMIC_NO_PIC = NO;
				GCC_NO_COMMON_BLOCKS = YES;
				GCC_OPTIMIZATION_LEVEL = 0;
				GCC_PREPROCESSOR_DEFINITIONS = (
					"DEBUG=1",
					"$(inherited)",
				);
				GCC_WARN_64_TO_32_BIT_CONVERSION = YES;
				GCC_WARN_ABOUT_RETURN_TYPE = YES_ERROR;
				GCC_WARN_UNDECLARED_SELECTOR = YES;
				GCC_WARN_UNINITIALIZED_AUTOS = YES_AGGRESSIVE;
				GCC_WARN_UNUSED_FUNCTION = YES;
				GCC_WARN_UNUSED_VARIABLE = YES;
				IPHONEOS_DEPLOYMENT_TARGET = 15.0;
				MTL_ENABLE_DEBUG_INFO = INCLUDE_SOURCE;
				MTL_FAST_MATH = YES;
				ONLY_ACTIVE_ARCH = YES;
				SDKROOT = iphoneos;
				SWIFT_ACTIVE_COMPILATION_CONDITIONS = DEBUG;
				SWIFT_OPTIMIZATION_LEVEL = "-Onone";
			};
			name = Debug;
		};
		F9392E4E279FD87A00E8FEEC /* Release */ = {
			isa = XCBuildConfiguration;
			buildSettings = {
				ALWAYS_SEARCH_USER_PATHS = NO;
				CLANG_ANALYZER_NONNULL = YES;
				CLANG_ANALYZER_NUMBER_OBJECT_CONVERSION = YES_AGGRESSIVE;
				CLANG_CXX_LANGUAGE_STANDARD = "gnu++17";
				CLANG_CXX_LIBRARY = "libc++";
				CLANG_ENABLE_MODULES = YES;
				CLANG_ENABLE_OBJC_ARC = YES;
				CLANG_ENABLE_OBJC_WEAK = YES;
				CLANG_WARN_BLOCK_CAPTURE_AUTORELEASING = YES;
				CLANG_WARN_BOOL_CONVERSION = YES;
				CLANG_WARN_COMMA = YES;
				CLANG_WARN_CONSTANT_CONVERSION = YES;
				CLANG_WARN_DEPRECATED_OBJC_IMPLEMENTATIONS = YES;
				CLANG_WARN_DIRECT_OBJC_ISA_USAGE = YES_ERROR;
				CLANG_WARN_DOCUMENTATION_COMMENTS = YES;
				CLANG_WARN_EMPTY_BODY = YES;
				CLANG_WARN_ENUM_CONVERSION = YES;
				CLANG_WARN_INFINITE_RECURSION = YES;
				CLANG_WARN_INT_CONVERSION = YES;
				CLANG_WARN_NON_LITERAL_NULL_CONVERSION = YES;
				CLANG_WARN_OBJC_IMPLICIT_RETAIN_SELF = YES;
				CLANG_WARN_OBJC_LITERAL_CONVERSION = YES;
				CLANG_WARN_OBJC_ROOT_CLASS = YES_ERROR;
				CLANG_WARN_QUOTED_INCLUDE_IN_FRAMEWORK_HEADER = YES;
				CLANG_WARN_RANGE_LOOP_ANALYSIS = YES;
				CLANG_WARN_STRICT_PROTOTYPES = YES;
				CLANG_WARN_SUSPICIOUS_MOVE = YES;
				CLANG_WARN_UNGUARDED_AVAILABILITY = YES_AGGRESSIVE;
				CLANG_WARN_UNREACHABLE_CODE = YES;
				CLANG_WARN__DUPLICATE_METHOD_MATCH = YES;
				COPY_PHASE_STRIP = NO;
				DEBUG_INFORMATION_FORMAT = "dwarf-with-dsym";
				ENABLE_NS_ASSERTIONS = NO;
				ENABLE_STRICT_OBJC_MSGSEND = YES;
				GCC_C_LANGUAGE_STANDARD = gnu11;
				GCC_NO_COMMON_BLOCKS = YES;
				GCC_WARN_64_TO_32_BIT_CONVERSION = YES;
				GCC_WARN_ABOUT_RETURN_TYPE = YES_ERROR;
				GCC_WARN_UNDECLARED_SELECTOR = YES;
				GCC_WARN_UNINITIALIZED_AUTOS = YES_AGGRESSIVE;
				GCC_WARN_UNUSED_FUNCTION = YES;
				GCC_WARN_UNUSED_VARIABLE = YES;
				IPHONEOS_DEPLOYMENT_TARGET = 15.0;
				MTL_ENABLE_DEBUG_INFO = NO;
				MTL_FAST_MATH = YES;
				SDKROOT = iphoneos;
				SWIFT_COMPILATION_MODE = wholemodule;
				SWIFT_OPTIMIZATION_LEVEL = "-O";
				VALIDATE_PRODUCT = YES;
			};
			name = Release;
		};
		F9392E50279FD87A00E8FEEC /* Debug */ = {
			isa = XCBuildConfiguration;
			buildSettings = {
				ASSETCATALOG_COMPILER_APPICON_NAME = AppIcon;
				ASSETCATALOG_COMPILER_GLOBAL_ACCENT_COLOR_NAME = AccentColor;
				CODE_SIGN_STYLE = Automatic;
				CURRENT_PROJECT_VERSION = 1;
				DEVELOPMENT_TEAM = TZPPZDYCQY;
				GENERATE_INFOPLIST_FILE = YES;
				INFOPLIST_FILE = "Chapter03-Alert/Info.plist";
				INFOPLIST_KEY_UIApplicationSupportsIndirectInputEvents = YES;
				INFOPLIST_KEY_UILaunchStoryboardName = LaunchScreen;
				INFOPLIST_KEY_UIMainStoryboardFile = Main;
				INFOPLIST_KEY_UISupportedInterfaceOrientations_iPad = "UIInterfaceOrientationPortrait UIInterfaceOrientationPortraitUpsideDown UIInterfaceOrientationLandscapeLeft UIInterfaceOrientationLandscapeRight";
				INFOPLIST_KEY_UISupportedInterfaceOrientations_iPhone = "UIInterfaceOrientationPortrait UIInterfaceOrientationLandscapeLeft UIInterfaceOrientationLandscapeRight";
				LD_RUNPATH_SEARCH_PATHS = (
					"$(inherited)",
					"@executable_path/Frameworks",
				);
				MARKETING_VERSION = 1.0;
				PRODUCT_BUNDLE_IDENTIFIER = "Shin.Chapter03-Alert";
				PRODUCT_NAME = "$(TARGET_NAME)";
				SWIFT_EMIT_LOC_STRINGS = YES;
				SWIFT_VERSION = 5.0;
				TARGETED_DEVICE_FAMILY = "1,2";
			};
			name = Debug;
		};
		F9392E51279FD87A00E8FEEC /* Release */ = {
			isa = XCBuildConfiguration;
			buildSettings = {
				ASSETCATALOG_COMPILER_APPICON_NAME = AppIcon;
				ASSETCATALOG_COMPILER_GLOBAL_ACCENT_COLOR_NAME = AccentColor;
				CODE_SIGN_STYLE = Automatic;
				CURRENT_PROJECT_VERSION = 1;
				DEVELOPMENT_TEAM = TZPPZDYCQY;
				GENERATE_INFOPLIST_FILE = YES;
				INFOPLIST_FILE = "Chapter03-Alert/Info.plist";
				INFOPLIST_KEY_UIApplicationSupportsIndirectInputEvents = YES;
				INFOPLIST_KEY_UILaunchStoryboardName = LaunchScreen;
				INFOPLIST_KEY_UIMainStoryboardFile = Main;
				INFOPLIST_KEY_UISupportedInterfaceOrientations_iPad = "UIInterfaceOrientationPortrait UIInterfaceOrientationPortraitUpsideDown UIInterfaceOrientationLandscapeLeft UIInterfaceOrientationLandscapeRight";
				INFOPLIST_KEY_UISupportedInterfaceOrientations_iPhone = "UIInterfaceOrientationPortrait UIInterfaceOrientationLandscapeLeft UIInterfaceOrientationLandscapeRight";
				LD_RUNPATH_SEARCH_PATHS = (
					"$(inherited)",
					"@executable_path/Frameworks",
				);
				MARKETING_VERSION = 1.0;
				PRODUCT_BUNDLE_IDENTIFIER = "Shin.Chapter03-Alert";
				PRODUCT_NAME = "$(TARGET_NAME)";
				SWIFT_EMIT_LOC_STRINGS = YES;
				SWIFT_VERSION = 5.0;
				TARGETED_DEVICE_FAMILY = "1,2";
			};
			name = Release;
		};
/* End XCBuildConfiguration section */

/* Begin XCConfigurationList section */
		F9392E36279FD87800E8FEEC /* Build configuration list for PBXProject "Chapter03-Alert" */ = {
			isa = XCConfigurationList;
			buildConfigurations = (
				F9392E4D279FD87A00E8FEEC /* Debug */,
				F9392E4E279FD87A00E8FEEC /* Release */,
			);
			defaultConfigurationIsVisible = 0;
			defaultConfigurationName = Release;
		};
		F9392E4F279FD87A00E8FEEC /* Build configuration list for PBXNativeTarget "Chapter03-Alert" */ = {
			isa = XCConfigurationList;
			buildConfigurations = (
				F9392E50279FD87A00E8FEEC /* Debug */,
				F9392E51279FD87A00E8FEEC /* Release */,
			);
			defaultConfigurationIsVisible = 0;
			defaultConfigurationName = Release;
		};
/* End XCConfigurationList section */
	};
	rootObject = F9392E33279FD87800E8FEEC /* Project object */;
}
