// !$*UTF8*$!
{
	archiveVersion = 1;
	classes = {
	};
	objectVersion = 55;
	objects = {

/* Begin PBXBuildFile section */
		05FFA184281539D500A889CA /* HellicopterGameApp.swift in Sources */ = {isa = PBXBuildFile; fileRef = 05FFA183281539D500A889CA /* HellicopterGameApp.swift */; };
		05FFA186281539D500A889CA /* ContentView.swift in Sources */ = {isa = PBXBuildFile; fileRef = 05FFA185281539D500A889CA /* ContentView.swift */; };
		05FFA188281539D700A889CA /* Assets.xcassets in Resources */ = {isa = PBXBuildFile; fileRef = 05FFA187281539D700A889CA /* Assets.xcassets */; };
		05FFA18B281539D700A889CA /* Preview Assets.xcassets in Resources */ = {isa = PBXBuildFile; fileRef = 05FFA18A281539D700A889CA /* Preview Assets.xcassets */; };
		05FFA19328153B2100A889CA /* Pixel.swift in Sources */ = {isa = PBXBuildFile; fileRef = 05FFA19228153B2100A889CA /* Pixel.swift */; };
		05FFA195281541B400A889CA /* Helicopter.swift in Sources */ = {isa = PBXBuildFile; fileRef = 05FFA194281541B400A889CA /* Helicopter.swift */; };
		05FFA19728157CD800A889CA /* Obstacle.swift in Sources */ = {isa = PBXBuildFile; fileRef = 05FFA19628157CD800A889CA /* Obstacle.swift */; };
/* End PBXBuildFile section */

/* Begin PBXFileReference section */
		05FFA180281539D500A889CA /* HellicopterGame.app */ = {isa = PBXFileReference; explicitFileType = wrapper.application; includeInIndex = 0; path = HellicopterGame.app; sourceTree = BUILT_PRODUCTS_DIR; };
		05FFA183281539D500A889CA /* HellicopterGameApp.swift */ = {isa = PBXFileReference; lastKnownFileType = sourcecode.swift; path = HellicopterGameApp.swift; sourceTree = "<group>"; };
		05FFA185281539D500A889CA /* ContentView.swift */ = {isa = PBXFileReference; lastKnownFileType = sourcecode.swift; path = ContentView.swift; sourceTree = "<group>"; };
		05FFA187281539D700A889CA /* Assets.xcassets */ = {isa = PBXFileReference; lastKnownFileType = folder.assetcatalog; path = Assets.xcassets; sourceTree = "<group>"; };
		05FFA18A281539D700A889CA /* Preview Assets.xcassets */ = {isa = PBXFileReference; lastKnownFileType = folder.assetcatalog; path = "Preview Assets.xcassets"; sourceTree = "<group>"; };
		05FFA19228153B2100A889CA /* Pixel.swift */ = {isa = PBXFileReference; lastKnownFileType = sourcecode.swift; path = Pixel.swift; sourceTree = "<group>"; };
		05FFA194281541B400A889CA /* Helicopter.swift */ = {isa = PBXFileReference; lastKnownFileType = sourcecode.swift; path = Helicopter.swift; sourceTree = "<group>"; };
		05FFA19628157CD800A889CA /* Obstacle.swift */ = {isa = PBXFileReference; lastKnownFileType = sourcecode.swift; path = Obstacle.swift; sourceTree = "<group>"; };
/* End PBXFileReference section */

/* Begin PBXFrameworksBuildPhase section */
		05FFA17D281539D500A889CA /* Frameworks */ = {
			isa = PBXFrameworksBuildPhase;
			buildActionMask = 2147483647;
			files = (
			);
			runOnlyForDeploymentPostprocessing = 0;
		};
/* End PBXFrameworksBuildPhase section */

/* Begin PBXGroup section */
		05FFA177281539D500A889CA = {
			isa = PBXGroup;
			children = (
				05FFA182281539D500A889CA /* HellicopterGame */,
				05FFA181281539D500A889CA /* Products */,
			);
			sourceTree = "<group>";
		};
		05FFA181281539D500A889CA /* Products */ = {
			isa = PBXGroup;
			children = (
				05FFA180281539D500A889CA /* HellicopterGame.app */,
			);
			name = Products;
			sourceTree = "<group>";
		};
		05FFA182281539D500A889CA /* HellicopterGame */ = {
			isa = PBXGroup;
			children = (
				05FFA19128153AFF00A889CA /* Components */,
				05FFA183281539D500A889CA /* HellicopterGameApp.swift */,
				05FFA185281539D500A889CA /* ContentView.swift */,
				05FFA187281539D700A889CA /* Assets.xcassets */,
				05FFA189281539D700A889CA /* Preview Content */,
			);
			path = HellicopterGame;
			sourceTree = "<group>";
		};
		05FFA189281539D700A889CA /* Preview Content */ = {
			isa = PBXGroup;
			children = (
				05FFA18A281539D700A889CA /* Preview Assets.xcassets */,
			);
			path = "Preview Content";
			sourceTree = "<group>";
		};
		05FFA19128153AFF00A889CA /* Components */ = {
			isa = PBXGroup;
			children = (
				05FFA19228153B2100A889CA /* Pixel.swift */,
				05FFA194281541B400A889CA /* Helicopter.swift */,
				05FFA19628157CD800A889CA /* Obstacle.swift */,
			);
			path = Components;
			sourceTree = "<group>";
		};
/* End PBXGroup section */

/* Begin PBXNativeTarget section */
		05FFA17F281539D500A889CA /* HellicopterGame */ = {
			isa = PBXNativeTarget;
			buildConfigurationList = 05FFA18E281539D700A889CA /* Build configuration list for PBXNativeTarget "HellicopterGame" */;
			buildPhases = (
				05FFA17C281539D500A889CA /* Sources */,
				05FFA17D281539D500A889CA /* Frameworks */,
				05FFA17E281539D500A889CA /* Resources */,
			);
			buildRules = (
			);
			dependencies = (
			);
			name = HellicopterGame;
			productName = HellicopterGame;
			productReference = 05FFA180281539D500A889CA /* HellicopterGame.app */;
			productType = "com.apple.product-type.application";
		};
/* End PBXNativeTarget section */

/* Begin PBXProject section */
		05FFA178281539D500A889CA /* Project object */ = {
			isa = PBXProject;
			attributes = {
				BuildIndependentTargetsInParallel = 1;
				LastSwiftUpdateCheck = 1330;
				LastUpgradeCheck = 1330;
				TargetAttributes = {
					05FFA17F281539D500A889CA = {
						CreatedOnToolsVersion = 13.3;
					};
				};
			};
			buildConfigurationList = 05FFA17B281539D500A889CA /* Build configuration list for PBXProject "HellicopterGame" */;
			compatibilityVersion = "Xcode 13.0";
			developmentRegion = en;
			hasScannedForEncodings = 0;
			knownRegions = (
				en,
				Base,
			);
			mainGroup = 05FFA177281539D500A889CA;
			productRefGroup = 05FFA181281539D500A889CA /* Products */;
			projectDirPath = "";
			projectRoot = "";
			targets = (
				05FFA17F281539D500A889CA /* HellicopterGame */,
			);
		};
/* End PBXProject section */

/* Begin PBXResourcesBuildPhase section */
		05FFA17E281539D500A889CA /* Resources */ = {
			isa = PBXResourcesBuildPhase;
			buildActionMask = 2147483647;
			files = (
				05FFA18B281539D700A889CA /* Preview Assets.xcassets in Resources */,
				05FFA188281539D700A889CA /* Assets.xcassets in Resources */,
			);
			runOnlyForDeploymentPostprocessing = 0;
		};
/* End PBXResourcesBuildPhase section */

/* Begin PBXSourcesBuildPhase section */
		05FFA17C281539D500A889CA /* Sources */ = {
			isa = PBXSourcesBuildPhase;
			buildActionMask = 2147483647;
			files = (
				05FFA19328153B2100A889CA /* Pixel.swift in Sources */,
				05FFA186281539D500A889CA /* ContentView.swift in Sources */,
				05FFA19728157CD800A889CA /* Obstacle.swift in Sources */,
				05FFA195281541B400A889CA /* Helicopter.swift in Sources */,
				05FFA184281539D500A889CA /* HellicopterGameApp.swift in Sources */,
			);
			runOnlyForDeploymentPostprocessing = 0;
		};
/* End PBXSourcesBuildPhase section */

/* Begin XCBuildConfiguration section */
		05FFA18C281539D700A889CA /* Debug */ = {
			isa = XCBuildConfiguration;
			buildSettings = {
				ALWAYS_SEARCH_USER_PATHS = NO;
				CLANG_ANALYZER_NONNULL = YES;
				CLANG_ANALYZER_NUMBER_OBJECT_CONVERSION = YES_AGGRESSIVE;
				CLANG_CXX_LANGUAGE_STANDARD = "gnu++17";
				CLANG_ENABLE_MODULES = YES;
				CLANG_ENABLE_OBJC_ARC = YES;
				CLANG_ENABLE_OBJC_WEAK = YES;
				CLANG_WARN_BLOCK_CAPTURE_AUTORELEASING = YES;
				CLANG_WARN_BOOL_CONVERSION = YES;
				CLANG_WARN_COMMA = YES;
				CLANG_WARN_CONSTANT_CONVERSION = YES;
				CLANG_WARN_DEPRECATED_OBJC_IMPLEMENTATIONS = YES;
				CLANG_WARN_DIRECT_OBJC_ISA_USAGE = YES_ERROR;
				CLANG_WARN_DOCUMENTATION_COMMENTS = YES;
				CLANG_WARN_EMPTY_BODY = YES;
				CLANG_WARN_ENUM_CONVERSION = YES;
				CLANG_WARN_INFINITE_RECURSION = YES;
				CLANG_WARN_INT_CONVERSION = YES;
				CLANG_WARN_NON_LITERAL_NULL_CONVERSION = YES;
				CLANG_WARN_OBJC_IMPLICIT_RETAIN_SELF = YES;
				CLANG_WARN_OBJC_LITERAL_CONVERSION = YES;
				CLANG_WARN_OBJC_ROOT_CLASS = YES_ERROR;
				CLANG_WARN_QUOTED_INCLUDE_IN_FRAMEWORK_HEADER = YES;
				CLANG_WARN_RANGE_LOOP_ANALYSIS = YES;
				CLANG_WARN_STRICT_PROTOTYPES = YES;
				CLANG_WARN_SUSPICIOUS_MOVE = YES;
				CLANG_WARN_UNGUARDED_AVAILABILITY = YES_AGGRESSIVE;
				CLANG_WARN_UNREACHABLE_CODE = YES;
				CLANG_WARN__DUPLICATE_METHOD_MATCH = YES;
				COPY_PHASE_STRIP = NO;
				DEBUG_INFORMATION_FORMAT = dwarf;
				ENABLE_STRICT_OBJC_MSGSEND = YES;
				ENABLE_TESTABILITY = YES;
				GCC_C_LANGUAGE_STANDARD = gnu11;
				GCC_DYNAMIC_NO_PIC = NO;
				GCC_NO_COMMON_BLOCKS = YES;
				GCC_OPTIMIZATION_LEVEL = 0;
				GCC_PREPROCESSOR_DEFINITIONS = (
					"DEBUG=1",
					"$(inherited)",
				);
				GCC_WARN_64_TO_32_BIT_CONVERSION = YES;
				GCC_WARN_ABOUT_RETURN_TYPE = YES_ERROR;
				GCC_WARN_UNDECLARED_SELECTOR = YES;
				GCC_WARN_UNINITIALIZED_AUTOS = YES_AGGRESSIVE;
				GCC_WARN_UNUSED_FUNCTION = YES;
				GCC_WARN_UNUSED_VARIABLE = YES;
				IPHONEOS_DEPLOYMENT_TARGET = 15.4;
				MTL_ENABLE_DEBUG_INFO = INCLUDE_SOURCE;
				MTL_FAST_MATH = YES;
				ONLY_ACTIVE_ARCH = YES;
				SDKROOT = iphoneos;
				SWIFT_ACTIVE_COMPILATION_CONDITIONS = DEBUG;
				SWIFT_OPTIMIZATION_LEVEL = "-Onone";
			};
			name = Debug;
		};
		05FFA18D281539D700A889CA /* Release */ = {
			isa = XCBuildConfiguration;
			buildSettings = {
				ALWAYS_SEARCH_USER_PATHS = NO;
				CLANG_ANALYZER_NONNULL = YES;
				CLANG_ANALYZER_NUMBER_OBJECT_CONVERSION = YES_AGGRESSIVE;
				CLANG_CXX_LANGUAGE_STANDARD = "gnu++17";
				CLANG_ENABLE_MODULES = YES;
				CLANG_ENABLE_OBJC_ARC = YES;
				CLANG_ENABLE_OBJC_WEAK = YES;
				CLANG_WARN_BLOCK_CAPTURE_AUTORELEASING = YES;
				CLANG_WARN_BOOL_CONVERSION = YES;
				CLANG_WARN_COMMA = YES;
				CLANG_WARN_CONSTANT_CONVERSION = YES;
				CLANG_WARN_DEPRECATED_OBJC_IMPLEMENTATIONS = YES;
				CLANG_WARN_DIRECT_OBJC_ISA_USAGE = YES_ERROR;
				CLANG_WARN_DOCUMENTATION_COMMENTS = YES;
				CLANG_WARN_EMPTY_BODY = YES;
				CLANG_WARN_ENUM_CONVERSION = YES;
				CLANG_WARN_INFINITE_RECURSION = YES;
				CLANG_WARN_INT_CONVERSION = YES;
				CLANG_WARN_NON_LITERAL_NULL_CONVERSION = YES;
				CLANG_WARN_OBJC_IMPLICIT_RETAIN_SELF = YES;
				CLANG_WARN_OBJC_LITERAL_CONVERSION = YES;
				CLANG_WARN_OBJC_ROOT_CLASS = YES_ERROR;
				CLANG_WARN_QUOTED_INCLUDE_IN_FRAMEWORK_HEADER = YES;
				CLANG_WARN_RANGE_LOOP_ANALYSIS = YES;
				CLANG_WARN_STRICT_PROTOTYPES = YES;
				CLANG_WARN_SUSPICIOUS_MOVE = YES;
				CLANG_WARN_UNGUARDED_AVAILABILITY = YES_AGGRESSIVE;
				CLANG_WARN_UNREACHABLE_CODE = YES;
				CLANG_WARN__DUPLICATE_METHOD_MATCH = YES;
				COPY_PHASE_STRIP = NO;
				DEBUG_INFORMATION_FORMAT = "dwarf-with-dsym";
				ENABLE_NS_ASSERTIONS = NO;
				ENABLE_STRICT_OBJC_MSGSEND = YES;
				GCC_C_LANGUAGE_STANDARD = gnu11;
				GCC_NO_COMMON_BLOCKS = YES;
				GCC_WARN_64_TO_32_BIT_CONVERSION = YES;
				GCC_WARN_ABOUT_RETURN_TYPE = YES_ERROR;
				GCC_WARN_UNDECLARED_SELECTOR = YES;
				GCC_WARN_UNINITIALIZED_AUTOS = YES_AGGRESSIVE;
				GCC_WARN_UNUSED_FUNCTION = YES;
				GCC_WARN_UNUSED_VARIABLE = YES;
				IPHONEOS_DEPLOYMENT_TARGET = 15.4;
				MTL_ENABLE_DEBUG_INFO = NO;
				MTL_FAST_MATH = YES;
				SDKROOT = iphoneos;
				SWIFT_COMPILATION_MODE = wholemodule;
				SWIFT_OPTIMIZATION_LEVEL = "-O";
				VALIDATE_PRODUCT = YES;
			};
			name = Release;
		};
		05FFA18F281539D700A889CA /* Debug */ = {
			isa = XCBuildConfiguration;
			buildSettings = {
				ASSETCATALOG_COMPILER_APPICON_NAME = AppIcon;
				ASSETCATALOG_COMPILER_GLOBAL_ACCENT_COLOR_NAME = AccentColor;
				CODE_SIGN_STYLE = Automatic;
				CURRENT_PROJECT_VERSION = 1;
				DEVELOPMENT_ASSET_PATHS = "\"HellicopterGame/Preview Content\"";
				DEVELOPMENT_TEAM = TZPPZDYCQY;
				ENABLE_PREVIEWS = YES;
				GENERATE_INFOPLIST_FILE = YES;
				INFOPLIST_KEY_UIApplicationSceneManifest_Generation = YES;
				INFOPLIST_KEY_UIApplicationSupportsIndirectInputEvents = YES;
				INFOPLIST_KEY_UILaunchScreen_Generation = YES;
				INFOPLIST_KEY_UISupportedInterfaceOrientations_iPad = "UIInterfaceOrientationPortrait UIInterfaceOrientationPortraitUpsideDown UIInterfaceOrientationLandscapeLeft UIInterfaceOrientationLandscapeRight";
				INFOPLIST_KEY_UISupportedInterfaceOrientations_iPhone = "UIInterfaceOrientationPortrait UIInterfaceOrientationLandscapeLeft UIInterfaceOrientationLandscapeRight";
				LD_RUNPATH_SEARCH_PATHS = (
					"$(inherited)",
					"@executable_path/Frameworks",
				);
				MARKETING_VERSION = 1.0;
				PRODUCT_BUNDLE_IDENTIFIER = com.shinyong.HellicopterGame;
				PRODUCT_NAME = "$(TARGET_NAME)";
				SWIFT_EMIT_LOC_STRINGS = YES;
				SWIFT_VERSION = 5.0;
				TARGETED_DEVICE_FAMILY = "1,2";
			};
			name = Debug;
		};
		05FFA190281539D700A889CA /* Release */ = {
			isa = XCBuildConfiguration;
			buildSettings = {
				ASSETCATALOG_COMPILER_APPICON_NAME = AppIcon;
				ASSETCATALOG_COMPILER_GLOBAL_ACCENT_COLOR_NAME = AccentColor;
				CODE_SIGN_STYLE = Automatic;
				CURRENT_PROJECT_VERSION = 1;
				DEVELOPMENT_ASSET_PATHS = "\"HellicopterGame/Preview Content\"";
				DEVELOPMENT_TEAM = TZPPZDYCQY;
				ENABLE_PREVIEWS = YES;
				GENERATE_INFOPLIST_FILE = YES;
				INFOPLIST_KEY_UIApplicationSceneManifest_Generation = YES;
				INFOPLIST_KEY_UIApplicationSupportsIndirectInputEvents = YES;
				INFOPLIST_KEY_UILaunchScreen_Generation = YES;
				INFOPLIST_KEY_UISupportedInterfaceOrientations_iPad = "UIInterfaceOrientationPortrait UIInterfaceOrientationPortraitUpsideDown UIInterfaceOrientationLandscapeLeft UIInterfaceOrientationLandscapeRight";
				INFOPLIST_KEY_UISupportedInterfaceOrientations_iPhone = "UIInterfaceOrientationPortrait UIInterfaceOrientationLandscapeLeft UIInterfaceOrientationLandscapeRight";
				LD_RUNPATH_SEARCH_PATHS = (
					"$(inherited)",
					"@executable_path/Frameworks",
				);
				MARKETING_VERSION = 1.0;
				PRODUCT_BUNDLE_IDENTIFIER = com.shinyong.HellicopterGame;
				PRODUCT_NAME = "$(TARGET_NAME)";
				SWIFT_EMIT_LOC_STRINGS = YES;
				SWIFT_VERSION = 5.0;
				TARGETED_DEVICE_FAMILY = "1,2";
			};
			name = Release;
		};
/* End XCBuildConfiguration section */

/* Begin XCConfigurationList section */
		05FFA17B281539D500A889CA /* Build configuration list for PBXProject "HellicopterGame" */ = {
			isa = XCConfigurationList;
			buildConfigurations = (
				05FFA18C281539D700A889CA /* Debug */,
				05FFA18D281539D700A889CA /* Release */,
			);
			defaultConfigurationIsVisible = 0;
			defaultConfigurationName = Release;
		};
		05FFA18E281539D700A889CA /* Build configuration list for PBXNativeTarget "HellicopterGame" */ = {
			isa = XCConfigurationList;
			buildConfigurations = (
				05FFA18F281539D700A889CA /* Debug */,
				05FFA190281539D700A889CA /* Release */,
			);
			defaultConfigurationIsVisible = 0;
			defaultConfigurationName = Release;
		};
/* End XCConfigurationList section */
	};
	rootObject = 05FFA178281539D500A889CA /* Project object */;
}
