// !$*UTF8*$!
{
	archiveVersion = 1;
	classes = {
	};
	objectVersion = 55;
	objects = {

/* Begin PBXBuildFile section */
		056196F42830DCD4003D71FE /* HabitTrackerApp.swift in Sources */ = {isa = PBXBuildFile; fileRef = 056196F32830DCD4003D71FE /* HabitTrackerApp.swift */; };
		056196F62830DCD4003D71FE /* ContentView.swift in Sources */ = {isa = PBXBuildFile; fileRef = 056196F52830DCD4003D71FE /* ContentView.swift */; };
		056196F82830DCD6003D71FE /* Assets.xcassets in Resources */ = {isa = PBXBuildFile; fileRef = 056196F72830DCD6003D71FE /* Assets.xcassets */; };
		056196FB2830DCD6003D71FE /* Preview Assets.xcassets in Resources */ = {isa = PBXBuildFile; fileRef = 056196FA2830DCD6003D71FE /* Preview Assets.xcassets */; };
		056196FD2830DCD6003D71FE /* Persistence.swift in Sources */ = {isa = PBXBuildFile; fileRef = 056196FC2830DCD6003D71FE /* Persistence.swift */; };
		056197002830DCD6003D71FE /* HabitTracker.xcdatamodeld in Sources */ = {isa = PBXBuildFile; fileRef = 056196FE2830DCD6003D71FE /* HabitTracker.xcdatamodeld */; };
		0561970A2830DCD6003D71FE /* HabitTrackerTests.swift in Sources */ = {isa = PBXBuildFile; fileRef = 056197092830DCD6003D71FE /* HabitTrackerTests.swift */; };
		056197142830DCD6003D71FE /* HabitTrackerUITests.swift in Sources */ = {isa = PBXBuildFile; fileRef = 056197132830DCD6003D71FE /* HabitTrackerUITests.swift */; };
		056197162830DCD6003D71FE /* HabitTrackerUITestsLaunchTests.swift in Sources */ = {isa = PBXBuildFile; fileRef = 056197152830DCD6003D71FE /* HabitTrackerUITestsLaunchTests.swift */; };
		056197252830DFF2003D71FE /* Home.swift in Sources */ = {isa = PBXBuildFile; fileRef = 056197242830DFF2003D71FE /* Home.swift */; };
		056197272830EFE7003D71FE /* HabitViewModel.swift in Sources */ = {isa = PBXBuildFile; fileRef = 056197262830EFE7003D71FE /* HabitViewModel.swift */; };
		056197292830F473003D71FE /* AddNewHabit.swift in Sources */ = {isa = PBXBuildFile; fileRef = 056197282830F473003D71FE /* AddNewHabit.swift */; };
/* End PBXBuildFile section */

/* Begin PBXContainerItemProxy section */
		056197062830DCD6003D71FE /* PBXContainerItemProxy */ = {
			isa = PBXContainerItemProxy;
			containerPortal = 056196E82830DCD4003D71FE /* Project object */;
			proxyType = 1;
			remoteGlobalIDString = 056196EF2830DCD4003D71FE;
			remoteInfo = HabitTracker;
		};
		056197102830DCD6003D71FE /* PBXContainerItemProxy */ = {
			isa = PBXContainerItemProxy;
			containerPortal = 056196E82830DCD4003D71FE /* Project object */;
			proxyType = 1;
			remoteGlobalIDString = 056196EF2830DCD4003D71FE;
			remoteInfo = HabitTracker;
		};
/* End PBXContainerItemProxy section */

/* Begin PBXFileReference section */
		056196F02830DCD4003D71FE /* HabitTracker.app */ = {isa = PBXFileReference; explicitFileType = wrapper.application; includeInIndex = 0; path = HabitTracker.app; sourceTree = BUILT_PRODUCTS_DIR; };
		056196F32830DCD4003D71FE /* HabitTrackerApp.swift */ = {isa = PBXFileReference; lastKnownFileType = sourcecode.swift; path = HabitTrackerApp.swift; sourceTree = "<group>"; };
		056196F52830DCD4003D71FE /* ContentView.swift */ = {isa = PBXFileReference; lastKnownFileType = sourcecode.swift; path = ContentView.swift; sourceTree = "<group>"; };
		056196F72830DCD6003D71FE /* Assets.xcassets */ = {isa = PBXFileReference; lastKnownFileType = folder.assetcatalog; path = Assets.xcassets; sourceTree = "<group>"; };
		056196FA2830DCD6003D71FE /* Preview Assets.xcassets */ = {isa = PBXFileReference; lastKnownFileType = folder.assetcatalog; path = "Preview Assets.xcassets"; sourceTree = "<group>"; };
		056196FC2830DCD6003D71FE /* Persistence.swift */ = {isa = PBXFileReference; lastKnownFileType = sourcecode.swift; path = Persistence.swift; sourceTree = "<group>"; };
		056196FF2830DCD6003D71FE /* HabitTracker.xcdatamodel */ = {isa = PBXFileReference; lastKnownFileType = wrapper.xcdatamodel; path = HabitTracker.xcdatamodel; sourceTree = "<group>"; };
		056197052830DCD6003D71FE /* HabitTrackerTests.xctest */ = {isa = PBXFileReference; explicitFileType = wrapper.cfbundle; includeInIndex = 0; path = HabitTrackerTests.xctest; sourceTree = BUILT_PRODUCTS_DIR; };
		056197092830DCD6003D71FE /* HabitTrackerTests.swift */ = {isa = PBXFileReference; lastKnownFileType = sourcecode.swift; path = HabitTrackerTests.swift; sourceTree = "<group>"; };
		0561970F2830DCD6003D71FE /* HabitTrackerUITests.xctest */ = {isa = PBXFileReference; explicitFileType = wrapper.cfbundle; includeInIndex = 0; path = HabitTrackerUITests.xctest; sourceTree = BUILT_PRODUCTS_DIR; };
		056197132830DCD6003D71FE /* HabitTrackerUITests.swift */ = {isa = PBXFileReference; lastKnownFileType = sourcecode.swift; path = HabitTrackerUITests.swift; sourceTree = "<group>"; };
		056197152830DCD6003D71FE /* HabitTrackerUITestsLaunchTests.swift */ = {isa = PBXFileReference; lastKnownFileType = sourcecode.swift; path = HabitTrackerUITestsLaunchTests.swift; sourceTree = "<group>"; };
		056197242830DFF2003D71FE /* Home.swift */ = {isa = PBXFileReference; lastKnownFileType = sourcecode.swift; path = Home.swift; sourceTree = "<group>"; };
		056197262830EFE7003D71FE /* HabitViewModel.swift */ = {isa = PBXFileReference; lastKnownFileType = sourcecode.swift; path = HabitViewModel.swift; sourceTree = "<group>"; };
		056197282830F473003D71FE /* AddNewHabit.swift */ = {isa = PBXFileReference; lastKnownFileType = sourcecode.swift; path = AddNewHabit.swift; sourceTree = "<group>"; };
/* End PBXFileReference section */

/* Begin PBXFrameworksBuildPhase section */
		056196ED2830DCD4003D71FE /* Frameworks */ = {
			isa = PBXFrameworksBuildPhase;
			buildActionMask = 2147483647;
			files = (
			);
			runOnlyForDeploymentPostprocessing = 0;
		};
		056197022830DCD6003D71FE /* Frameworks */ = {
			isa = PBXFrameworksBuildPhase;
			buildActionMask = 2147483647;
			files = (
			);
			runOnlyForDeploymentPostprocessing = 0;
		};
		0561970C2830DCD6003D71FE /* Frameworks */ = {
			isa = PBXFrameworksBuildPhase;
			buildActionMask = 2147483647;
			files = (
			);
			runOnlyForDeploymentPostprocessing = 0;
		};
/* End PBXFrameworksBuildPhase section */

/* Begin PBXGroup section */
		056196E72830DCD4003D71FE = {
			isa = PBXGroup;
			children = (
				056196F22830DCD4003D71FE /* HabitTracker */,
				056197082830DCD6003D71FE /* HabitTrackerTests */,
				056197122830DCD6003D71FE /* HabitTrackerUITests */,
				056196F12830DCD4003D71FE /* Products */,
			);
			sourceTree = "<group>";
		};
		056196F12830DCD4003D71FE /* Products */ = {
			isa = PBXGroup;
			children = (
				056196F02830DCD4003D71FE /* HabitTracker.app */,
				056197052830DCD6003D71FE /* HabitTrackerTests.xctest */,
				0561970F2830DCD6003D71FE /* HabitTrackerUITests.xctest */,
			);
			name = Products;
			sourceTree = "<group>";
		};
		056196F22830DCD4003D71FE /* HabitTracker */ = {
			isa = PBXGroup;
			children = (
				056197232830DFE4003D71FE /* ViewModel */,
				056197222830DFDF003D71FE /* VIew */,
				056196F32830DCD4003D71FE /* HabitTrackerApp.swift */,
				056196F52830DCD4003D71FE /* ContentView.swift */,
				056196F72830DCD6003D71FE /* Assets.xcassets */,
				056196FC2830DCD6003D71FE /* Persistence.swift */,
				056196FE2830DCD6003D71FE /* HabitTracker.xcdatamodeld */,
				056196F92830DCD6003D71FE /* Preview Content */,
			);
			path = HabitTracker;
			sourceTree = "<group>";
		};
		056196F92830DCD6003D71FE /* Preview Content */ = {
			isa = PBXGroup;
			children = (
				056196FA2830DCD6003D71FE /* Preview Assets.xcassets */,
			);
			path = "Preview Content";
			sourceTree = "<group>";
		};
		056197082830DCD6003D71FE /* HabitTrackerTests */ = {
			isa = PBXGroup;
			children = (
				056197092830DCD6003D71FE /* HabitTrackerTests.swift */,
			);
			path = HabitTrackerTests;
			sourceTree = "<group>";
		};
		056197122830DCD6003D71FE /* HabitTrackerUITests */ = {
			isa = PBXGroup;
			children = (
				056197132830DCD6003D71FE /* HabitTrackerUITests.swift */,
				056197152830DCD6003D71FE /* HabitTrackerUITestsLaunchTests.swift */,
			);
			path = HabitTrackerUITests;
			sourceTree = "<group>";
		};
		056197222830DFDF003D71FE /* VIew */ = {
			isa = PBXGroup;
			children = (
				056197242830DFF2003D71FE /* Home.swift */,
				056197282830F473003D71FE /* AddNewHabit.swift */,
			);
			path = VIew;
			sourceTree = "<group>";
		};
		056197232830DFE4003D71FE /* ViewModel */ = {
			isa = PBXGroup;
			children = (
				056197262830EFE7003D71FE /* HabitViewModel.swift */,
			);
			path = ViewModel;
			sourceTree = "<group>";
		};
/* End PBXGroup section */

/* Begin PBXNativeTarget section */
		056196EF2830DCD4003D71FE /* HabitTracker */ = {
			isa = PBXNativeTarget;
			buildConfigurationList = 056197192830DCD6003D71FE /* Build configuration list for PBXNativeTarget "HabitTracker" */;
			buildPhases = (
				056196EC2830DCD4003D71FE /* Sources */,
				056196ED2830DCD4003D71FE /* Frameworks */,
				056196EE2830DCD4003D71FE /* Resources */,
			);
			buildRules = (
			);
			dependencies = (
			);
			name = HabitTracker;
			productName = HabitTracker;
			productReference = 056196F02830DCD4003D71FE /* HabitTracker.app */;
			productType = "com.apple.product-type.application";
		};
		056197042830DCD6003D71FE /* HabitTrackerTests */ = {
			isa = PBXNativeTarget;
			buildConfigurationList = 0561971C2830DCD6003D71FE /* Build configuration list for PBXNativeTarget "HabitTrackerTests" */;
			buildPhases = (
				056197012830DCD6003D71FE /* Sources */,
				056197022830DCD6003D71FE /* Frameworks */,
				056197032830DCD6003D71FE /* Resources */,
			);
			buildRules = (
			);
			dependencies = (
				056197072830DCD6003D71FE /* PBXTargetDependency */,
			);
			name = HabitTrackerTests;
			productName = HabitTrackerTests;
			productReference = 056197052830DCD6003D71FE /* HabitTrackerTests.xctest */;
			productType = "com.apple.product-type.bundle.unit-test";
		};
		0561970E2830DCD6003D71FE /* HabitTrackerUITests */ = {
			isa = PBXNativeTarget;
			buildConfigurationList = 0561971F2830DCD6003D71FE /* Build configuration list for PBXNativeTarget "HabitTrackerUITests" */;
			buildPhases = (
				0561970B2830DCD6003D71FE /* Sources */,
				0561970C2830DCD6003D71FE /* Frameworks */,
				0561970D2830DCD6003D71FE /* Resources */,
			);
			buildRules = (
			);
			dependencies = (
				056197112830DCD6003D71FE /* PBXTargetDependency */,
			);
			name = HabitTrackerUITests;
			productName = HabitTrackerUITests;
			productReference = 0561970F2830DCD6003D71FE /* HabitTrackerUITests.xctest */;
			productType = "com.apple.product-type.bundle.ui-testing";
		};
/* End PBXNativeTarget section */

/* Begin PBXProject section */
		056196E82830DCD4003D71FE /* Project object */ = {
			isa = PBXProject;
			attributes = {
				BuildIndependentTargetsInParallel = 1;
				LastSwiftUpdateCheck = 1330;
				LastUpgradeCheck = 1330;
				TargetAttributes = {
					056196EF2830DCD4003D71FE = {
						CreatedOnToolsVersion = 13.3;
					};
					056197042830DCD6003D71FE = {
						CreatedOnToolsVersion = 13.3;
						TestTargetID = 056196EF2830DCD4003D71FE;
					};
					0561970E2830DCD6003D71FE = {
						CreatedOnToolsVersion = 13.3;
						TestTargetID = 056196EF2830DCD4003D71FE;
					};
				};
			};
			buildConfigurationList = 056196EB2830DCD4003D71FE /* Build configuration list for PBXProject "HabitTracker" */;
			compatibilityVersion = "Xcode 13.0";
			developmentRegion = en;
			hasScannedForEncodings = 0;
			knownRegions = (
				en,
				Base,
			);
			mainGroup = 056196E72830DCD4003D71FE;
			productRefGroup = 056196F12830DCD4003D71FE /* Products */;
			projectDirPath = "";
			projectRoot = "";
			targets = (
				056196EF2830DCD4003D71FE /* HabitTracker */,
				056197042830DCD6003D71FE /* HabitTrackerTests */,
				0561970E2830DCD6003D71FE /* HabitTrackerUITests */,
			);
		};
/* End PBXProject section */

/* Begin PBXResourcesBuildPhase section */
		056196EE2830DCD4003D71FE /* Resources */ = {
			isa = PBXResourcesBuildPhase;
			buildActionMask = 2147483647;
			files = (
				056196FB2830DCD6003D71FE /* Preview Assets.xcassets in Resources */,
				056196F82830DCD6003D71FE /* Assets.xcassets in Resources */,
			);
			runOnlyForDeploymentPostprocessing = 0;
		};
		056197032830DCD6003D71FE /* Resources */ = {
			isa = PBXResourcesBuildPhase;
			buildActionMask = 2147483647;
			files = (
			);
			runOnlyForDeploymentPostprocessing = 0;
		};
		0561970D2830DCD6003D71FE /* Resources */ = {
			isa = PBXResourcesBuildPhase;
			buildActionMask = 2147483647;
			files = (
			);
			runOnlyForDeploymentPostprocessing = 0;
		};
/* End PBXResourcesBuildPhase section */

/* Begin PBXSourcesBuildPhase section */
		056196EC2830DCD4003D71FE /* Sources */ = {
			isa = PBXSourcesBuildPhase;
			buildActionMask = 2147483647;
			files = (
				056196FD2830DCD6003D71FE /* Persistence.swift in Sources */,
				056197002830DCD6003D71FE /* HabitTracker.xcdatamodeld in Sources */,
				056197252830DFF2003D71FE /* Home.swift in Sources */,
				056197292830F473003D71FE /* AddNewHabit.swift in Sources */,
				056197272830EFE7003D71FE /* HabitViewModel.swift in Sources */,
				056196F62830DCD4003D71FE /* ContentView.swift in Sources */,
				056196F42830DCD4003D71FE /* HabitTrackerApp.swift in Sources */,
			);
			runOnlyForDeploymentPostprocessing = 0;
		};
		056197012830DCD6003D71FE /* Sources */ = {
			isa = PBXSourcesBuildPhase;
			buildActionMask = 2147483647;
			files = (
				0561970A2830DCD6003D71FE /* HabitTrackerTests.swift in Sources */,
			);
			runOnlyForDeploymentPostprocessing = 0;
		};
		0561970B2830DCD6003D71FE /* Sources */ = {
			isa = PBXSourcesBuildPhase;
			buildActionMask = 2147483647;
			files = (
				056197162830DCD6003D71FE /* HabitTrackerUITestsLaunchTests.swift in Sources */,
				056197142830DCD6003D71FE /* HabitTrackerUITests.swift in Sources */,
			);
			runOnlyForDeploymentPostprocessing = 0;
		};
/* End PBXSourcesBuildPhase section */

/* Begin PBXTargetDependency section */
		056197072830DCD6003D71FE /* PBXTargetDependency */ = {
			isa = PBXTargetDependency;
			target = 056196EF2830DCD4003D71FE /* HabitTracker */;
			targetProxy = 056197062830DCD6003D71FE /* PBXContainerItemProxy */;
		};
		056197112830DCD6003D71FE /* PBXTargetDependency */ = {
			isa = PBXTargetDependency;
			target = 056196EF2830DCD4003D71FE /* HabitTracker */;
			targetProxy = 056197102830DCD6003D71FE /* PBXContainerItemProxy */;
		};
/* End PBXTargetDependency section */

/* Begin XCBuildConfiguration section */
		056197172830DCD6003D71FE /* Debug */ = {
			isa = XCBuildConfiguration;
			buildSettings = {
				ALWAYS_SEARCH_USER_PATHS = NO;
				CLANG_ANALYZER_NONNULL = YES;
				CLANG_ANALYZER_NUMBER_OBJECT_CONVERSION = YES_AGGRESSIVE;
				CLANG_CXX_LANGUAGE_STANDARD = "gnu++17";
				CLANG_ENABLE_MODULES = YES;
				CLANG_ENABLE_OBJC_ARC = YES;
				CLANG_ENABLE_OBJC_WEAK = YES;
				CLANG_WARN_BLOCK_CAPTURE_AUTORELEASING = YES;
				CLANG_WARN_BOOL_CONVERSION = YES;
				CLANG_WARN_COMMA = YES;
				CLANG_WARN_CONSTANT_CONVERSION = YES;
				CLANG_WARN_DEPRECATED_OBJC_IMPLEMENTATIONS = YES;
				CLANG_WARN_DIRECT_OBJC_ISA_USAGE = YES_ERROR;
				CLANG_WARN_DOCUMENTATION_COMMENTS = YES;
				CLANG_WARN_EMPTY_BODY = YES;
				CLANG_WARN_ENUM_CONVERSION = YES;
				CLANG_WARN_INFINITE_RECURSION = YES;
				CLANG_WARN_INT_CONVERSION = YES;
				CLANG_WARN_NON_LITERAL_NULL_CONVERSION = YES;
				CLANG_WARN_OBJC_IMPLICIT_RETAIN_SELF = YES;
				CLANG_WARN_OBJC_LITERAL_CONVERSION = YES;
				CLANG_WARN_OBJC_ROOT_CLASS = YES_ERROR;
				CLANG_WARN_QUOTED_INCLUDE_IN_FRAMEWORK_HEADER = YES;
				CLANG_WARN_RANGE_LOOP_ANALYSIS = YES;
				CLANG_WARN_STRICT_PROTOTYPES = YES;
				CLANG_WARN_SUSPICIOUS_MOVE = YES;
				CLANG_WARN_UNGUARDED_AVAILABILITY = YES_AGGRESSIVE;
				CLANG_WARN_UNREACHABLE_CODE = YES;
				CLANG_WARN__DUPLICATE_METHOD_MATCH = YES;
				COPY_PHASE_STRIP = NO;
				DEBUG_INFORMATION_FORMAT = dwarf;
				ENABLE_STRICT_OBJC_MSGSEND = YES;
				ENABLE_TESTABILITY = YES;
				GCC_C_LANGUAGE_STANDARD = gnu11;
				GCC_DYNAMIC_NO_PIC = NO;
				GCC_NO_COMMON_BLOCKS = YES;
				GCC_OPTIMIZATION_LEVEL = 0;
				GCC_PREPROCESSOR_DEFINITIONS = (
					"DEBUG=1",
					"$(inherited)",
				);
				GCC_WARN_64_TO_32_BIT_CONVERSION = YES;
				GCC_WARN_ABOUT_RETURN_TYPE = YES_ERROR;
				GCC_WARN_UNDECLARED_SELECTOR = YES;
				GCC_WARN_UNINITIALIZED_AUTOS = YES_AGGRESSIVE;
				GCC_WARN_UNUSED_FUNCTION = YES;
				GCC_WARN_UNUSED_VARIABLE = YES;
				IPHONEOS_DEPLOYMENT_TARGET = 15.4;
				MTL_ENABLE_DEBUG_INFO = INCLUDE_SOURCE;
				MTL_FAST_MATH = YES;
				ONLY_ACTIVE_ARCH = YES;
				SDKROOT = iphoneos;
				SWIFT_ACTIVE_COMPILATION_CONDITIONS = DEBUG;
				SWIFT_OPTIMIZATION_LEVEL = "-Onone";
			};
			name = Debug;
		};
		056197182830DCD6003D71FE /* Release */ = {
			isa = XCBuildConfiguration;
			buildSettings = {
				ALWAYS_SEARCH_USER_PATHS = NO;
				CLANG_ANALYZER_NONNULL = YES;
				CLANG_ANALYZER_NUMBER_OBJECT_CONVERSION = YES_AGGRESSIVE;
				CLANG_CXX_LANGUAGE_STANDARD = "gnu++17";
				CLANG_ENABLE_MODULES = YES;
				CLANG_ENABLE_OBJC_ARC = YES;
				CLANG_ENABLE_OBJC_WEAK = YES;
				CLANG_WARN_BLOCK_CAPTURE_AUTORELEASING = YES;
				CLANG_WARN_BOOL_CONVERSION = YES;
				CLANG_WARN_COMMA = YES;
				CLANG_WARN_CONSTANT_CONVERSION = YES;
				CLANG_WARN_DEPRECATED_OBJC_IMPLEMENTATIONS = YES;
				CLANG_WARN_DIRECT_OBJC_ISA_USAGE = YES_ERROR;
				CLANG_WARN_DOCUMENTATION_COMMENTS = YES;
				CLANG_WARN_EMPTY_BODY = YES;
				CLANG_WARN_ENUM_CONVERSION = YES;
				CLANG_WARN_INFINITE_RECURSION = YES;
				CLANG_WARN_INT_CONVERSION = YES;
				CLANG_WARN_NON_LITERAL_NULL_CONVERSION = YES;
				CLANG_WARN_OBJC_IMPLICIT_RETAIN_SELF = YES;
				CLANG_WARN_OBJC_LITERAL_CONVERSION = YES;
				CLANG_WARN_OBJC_ROOT_CLASS = YES_ERROR;
				CLANG_WARN_QUOTED_INCLUDE_IN_FRAMEWORK_HEADER = YES;
				CLANG_WARN_RANGE_LOOP_ANALYSIS = YES;
				CLANG_WARN_STRICT_PROTOTYPES = YES;
				CLANG_WARN_SUSPICIOUS_MOVE = YES;
				CLANG_WARN_UNGUARDED_AVAILABILITY = YES_AGGRESSIVE;
				CLANG_WARN_UNREACHABLE_CODE = YES;
				CLANG_WARN__DUPLICATE_METHOD_MATCH = YES;
				COPY_PHASE_STRIP = NO;
				DEBUG_INFORMATION_FORMAT = "dwarf-with-dsym";
				ENABLE_NS_ASSERTIONS = NO;
				ENABLE_STRICT_OBJC_MSGSEND = YES;
				GCC_C_LANGUAGE_STANDARD = gnu11;
				GCC_NO_COMMON_BLOCKS = YES;
				GCC_WARN_64_TO_32_BIT_CONVERSION = YES;
				GCC_WARN_ABOUT_RETURN_TYPE = YES_ERROR;
				GCC_WARN_UNDECLARED_SELECTOR = YES;
				GCC_WARN_UNINITIALIZED_AUTOS = YES_AGGRESSIVE;
				GCC_WARN_UNUSED_FUNCTION = YES;
				GCC_WARN_UNUSED_VARIABLE = YES;
				IPHONEOS_DEPLOYMENT_TARGET = 15.4;
				MTL_ENABLE_DEBUG_INFO = NO;
				MTL_FAST_MATH = YES;
				SDKROOT = iphoneos;
				SWIFT_COMPILATION_MODE = wholemodule;
				SWIFT_OPTIMIZATION_LEVEL = "-O";
				VALIDATE_PRODUCT = YES;
			};
			name = Release;
		};
		0561971A2830DCD6003D71FE /* Debug */ = {
			isa = XCBuildConfiguration;
			buildSettings = {
				ASSETCATALOG_COMPILER_APPICON_NAME = AppIcon;
				ASSETCATALOG_COMPILER_GLOBAL_ACCENT_COLOR_NAME = AccentColor;
				CODE_SIGN_STYLE = Automatic;
				CURRENT_PROJECT_VERSION = 1;
				DEVELOPMENT_ASSET_PATHS = "\"HabitTracker/Preview Content\"";
				DEVELOPMENT_TEAM = TZPPZDYCQY;
				ENABLE_PREVIEWS = YES;
				GENERATE_INFOPLIST_FILE = YES;
				INFOPLIST_KEY_UIApplicationSceneManifest_Generation = YES;
				INFOPLIST_KEY_UIApplicationSupportsIndirectInputEvents = YES;
				INFOPLIST_KEY_UILaunchScreen_Generation = YES;
				INFOPLIST_KEY_UISupportedInterfaceOrientations_iPad = "UIInterfaceOrientationPortrait UIInterfaceOrientationPortraitUpsideDown UIInterfaceOrientationLandscapeLeft UIInterfaceOrientationLandscapeRight";
				INFOPLIST_KEY_UISupportedInterfaceOrientations_iPhone = "UIInterfaceOrientationPortrait UIInterfaceOrientationLandscapeLeft UIInterfaceOrientationLandscapeRight";
				LD_RUNPATH_SEARCH_PATHS = (
					"$(inherited)",
					"@executable_path/Frameworks",
				);
				MARKETING_VERSION = 1.0;
				PRODUCT_BUNDLE_IDENTIFIER = com.shinyong.HabitTracker;
				PRODUCT_NAME = "$(TARGET_NAME)";
				SWIFT_EMIT_LOC_STRINGS = YES;
				SWIFT_VERSION = 5.0;
				TARGETED_DEVICE_FAMILY = "1,2";
			};
			name = Debug;
		};
		0561971B2830DCD6003D71FE /* Release */ = {
			isa = XCBuildConfiguration;
			buildSettings = {
				ASSETCATALOG_COMPILER_APPICON_NAME = AppIcon;
				ASSETCATALOG_COMPILER_GLOBAL_ACCENT_COLOR_NAME = AccentColor;
				CODE_SIGN_STYLE = Automatic;
				CURRENT_PROJECT_VERSION = 1;
				DEVELOPMENT_ASSET_PATHS = "\"HabitTracker/Preview Content\"";
				DEVELOPMENT_TEAM = TZPPZDYCQY;
				ENABLE_PREVIEWS = YES;
				GENERATE_INFOPLIST_FILE = YES;
				INFOPLIST_KEY_UIApplicationSceneManifest_Generation = YES;
				INFOPLIST_KEY_UIApplicationSupportsIndirectInputEvents = YES;
				INFOPLIST_KEY_UILaunchScreen_Generation = YES;
				INFOPLIST_KEY_UISupportedInterfaceOrientations_iPad = "UIInterfaceOrientationPortrait UIInterfaceOrientationPortraitUpsideDown UIInterfaceOrientationLandscapeLeft UIInterfaceOrientationLandscapeRight";
				INFOPLIST_KEY_UISupportedInterfaceOrientations_iPhone = "UIInterfaceOrientationPortrait UIInterfaceOrientationLandscapeLeft UIInterfaceOrientationLandscapeRight";
				LD_RUNPATH_SEARCH_PATHS = (
					"$(inherited)",
					"@executable_path/Frameworks",
				);
				MARKETING_VERSION = 1.0;
				PRODUCT_BUNDLE_IDENTIFIER = com.shinyong.HabitTracker;
				PRODUCT_NAME = "$(TARGET_NAME)";
				SWIFT_EMIT_LOC_STRINGS = YES;
				SWIFT_VERSION = 5.0;
				TARGETED_DEVICE_FAMILY = "1,2";
			};
			name = Release;
		};
		0561971D2830DCD6003D71FE /* Debug */ = {
			isa = XCBuildConfiguration;
			buildSettings = {
				ALWAYS_EMBED_SWIFT_STANDARD_LIBRARIES = YES;
				BUNDLE_LOADER = "$(TEST_HOST)";
				CODE_SIGN_STYLE = Automatic;
				CURRENT_PROJECT_VERSION = 1;
				DEVELOPMENT_TEAM = TZPPZDYCQY;
				GENERATE_INFOPLIST_FILE = YES;
				IPHONEOS_DEPLOYMENT_TARGET = 15.4;
				MARKETING_VERSION = 1.0;
				PRODUCT_BUNDLE_IDENTIFIER = com.shinyong.HabitTrackerTests;
				PRODUCT_NAME = "$(TARGET_NAME)";
				SWIFT_EMIT_LOC_STRINGS = NO;
				SWIFT_VERSION = 5.0;
				TARGETED_DEVICE_FAMILY = "1,2";
				TEST_HOST = "$(BUILT_PRODUCTS_DIR)/HabitTracker.app/HabitTracker";
			};
			name = Debug;
		};
		0561971E2830DCD6003D71FE /* Release */ = {
			isa = XCBuildConfiguration;
			buildSettings = {
				ALWAYS_EMBED_SWIFT_STANDARD_LIBRARIES = YES;
				BUNDLE_LOADER = "$(TEST_HOST)";
				CODE_SIGN_STYLE = Automatic;
				CURRENT_PROJECT_VERSION = 1;
				DEVELOPMENT_TEAM = TZPPZDYCQY;
				GENERATE_INFOPLIST_FILE = YES;
				IPHONEOS_DEPLOYMENT_TARGET = 15.4;
				MARKETING_VERSION = 1.0;
				PRODUCT_BUNDLE_IDENTIFIER = com.shinyong.HabitTrackerTests;
				PRODUCT_NAME = "$(TARGET_NAME)";
				SWIFT_EMIT_LOC_STRINGS = NO;
				SWIFT_VERSION = 5.0;
				TARGETED_DEVICE_FAMILY = "1,2";
				TEST_HOST = "$(BUILT_PRODUCTS_DIR)/HabitTracker.app/HabitTracker";
			};
			name = Release;
		};
		056197202830DCD6003D71FE /* Debug */ = {
			isa = XCBuildConfiguration;
			buildSettings = {
				ALWAYS_EMBED_SWIFT_STANDARD_LIBRARIES = YES;
				CODE_SIGN_STYLE = Automatic;
				CURRENT_PROJECT_VERSION = 1;
				DEVELOPMENT_TEAM = TZPPZDYCQY;
				GENERATE_INFOPLIST_FILE = YES;
				MARKETING_VERSION = 1.0;
				PRODUCT_BUNDLE_IDENTIFIER = com.shinyong.HabitTrackerUITests;
				PRODUCT_NAME = "$(TARGET_NAME)";
				SWIFT_EMIT_LOC_STRINGS = NO;
				SWIFT_VERSION = 5.0;
				TARGETED_DEVICE_FAMILY = "1,2";
				TEST_TARGET_NAME = HabitTracker;
			};
			name = Debug;
		};
		056197212830DCD6003D71FE /* Release */ = {
			isa = XCBuildConfiguration;
			buildSettings = {
				ALWAYS_EMBED_SWIFT_STANDARD_LIBRARIES = YES;
				CODE_SIGN_STYLE = Automatic;
				CURRENT_PROJECT_VERSION = 1;
				DEVELOPMENT_TEAM = TZPPZDYCQY;
				GENERATE_INFOPLIST_FILE = YES;
				MARKETING_VERSION = 1.0;
				PRODUCT_BUNDLE_IDENTIFIER = com.shinyong.HabitTrackerUITests;
				PRODUCT_NAME = "$(TARGET_NAME)";
				SWIFT_EMIT_LOC_STRINGS = NO;
				SWIFT_VERSION = 5.0;
				TARGETED_DEVICE_FAMILY = "1,2";
				TEST_TARGET_NAME = HabitTracker;
			};
			name = Release;
		};
/* End XCBuildConfiguration section */

/* Begin XCConfigurationList section */
		056196EB2830DCD4003D71FE /* Build configuration list for PBXProject "HabitTracker" */ = {
			isa = XCConfigurationList;
			buildConfigurations = (
				056197172830DCD6003D71FE /* Debug */,
				056197182830DCD6003D71FE /* Release */,
			);
			defaultConfigurationIsVisible = 0;
			defaultConfigurationName = Release;
		};
		056197192830DCD6003D71FE /* Build configuration list for PBXNativeTarget "HabitTracker" */ = {
			isa = XCConfigurationList;
			buildConfigurations = (
				0561971A2830DCD6003D71FE /* Debug */,
				0561971B2830DCD6003D71FE /* Release */,
			);
			defaultConfigurationIsVisible = 0;
			defaultConfigurationName = Release;
		};
		0561971C2830DCD6003D71FE /* Build configuration list for PBXNativeTarget "HabitTrackerTests" */ = {
			isa = XCConfigurationList;
			buildConfigurations = (
				0561971D2830DCD6003D71FE /* Debug */,
				0561971E2830DCD6003D71FE /* Release */,
			);
			defaultConfigurationIsVisible = 0;
			defaultConfigurationName = Release;
		};
		0561971F2830DCD6003D71FE /* Build configuration list for PBXNativeTarget "HabitTrackerUITests" */ = {
			isa = XCConfigurationList;
			buildConfigurations = (
				056197202830DCD6003D71FE /* Debug */,
				056197212830DCD6003D71FE /* Release */,
			);
			defaultConfigurationIsVisible = 0;
			defaultConfigurationName = Release;
		};
/* End XCConfigurationList section */

/* Begin XCVersionGroup section */
		056196FE2830DCD6003D71FE /* HabitTracker.xcdatamodeld */ = {
			isa = XCVersionGroup;
			children = (
				056196FF2830DCD6003D71FE /* HabitTracker.xcdatamodel */,
			);
			currentVersion = 056196FF2830DCD6003D71FE /* HabitTracker.xcdatamodel */;
			path = HabitTracker.xcdatamodeld;
			sourceTree = "<group>";
			versionGroupType = wrapper.xcdatamodel;
		};
/* End XCVersionGroup section */
	};
	rootObject = 056196E82830DCD4003D71FE /* Project object */;
}
