// !$*UTF8*$!
{
	archiveVersion = 1;
	classes = {
	};
	objectVersion = 50;
	objects = {

/* Begin PBXBuildFile section */
		F91282D8265BA581002C4C93 /* AppDelegate.swift in Sources */ = {isa = PBXBuildFile; fileRef = F91282D7265BA581002C4C93 /* AppDelegate.swift */; };
		F91282DA265BA581002C4C93 /* SceneDelegate.swift in Sources */ = {isa = PBXBuildFile; fileRef = F91282D9265BA581002C4C93 /* SceneDelegate.swift */; };
		F91282DC265BA581002C4C93 /* ViewController.swift in Sources */ = {isa = PBXBuildFile; fileRef = F91282DB265BA581002C4C93 /* ViewController.swift */; };
		F91282DF265BA581002C4C93 /* Main.storyboard in Resources */ = {isa = PBXBuildFile; fileRef = F91282DD265BA581002C4C93 /* Main.storyboard */; };
		F91282E1265BA582002C4C93 /* Assets.xcassets in Resources */ = {isa = PBXBuildFile; fileRef = F91282E0265BA582002C4C93 /* Assets.xcassets */; };
		F91282E4265BA582002C4C93 /* LaunchScreen.storyboard in Resources */ = {isa = PBXBuildFile; fileRef = F91282E2265BA582002C4C93 /* LaunchScreen.storyboard */; };
		F91282EF265BA582002C4C93 /* datePickerAlarmTests.swift in Sources */ = {isa = PBXBuildFile; fileRef = F91282EE265BA582002C4C93 /* datePickerAlarmTests.swift */; };
		F91282FA265BA582002C4C93 /* datePickerAlarmUITests.swift in Sources */ = {isa = PBXBuildFile; fileRef = F91282F9265BA582002C4C93 /* datePickerAlarmUITests.swift */; };
/* End PBXBuildFile section */

/* Begin PBXContainerItemProxy section */
		F91282EB265BA582002C4C93 /* PBXContainerItemProxy */ = {
			isa = PBXContainerItemProxy;
			containerPortal = F91282CC265BA581002C4C93 /* Project object */;
			proxyType = 1;
			remoteGlobalIDString = F91282D3265BA581002C4C93;
			remoteInfo = datePickerAlarm;
		};
		F91282F6265BA582002C4C93 /* PBXContainerItemProxy */ = {
			isa = PBXContainerItemProxy;
			containerPortal = F91282CC265BA581002C4C93 /* Project object */;
			proxyType = 1;
			remoteGlobalIDString = F91282D3265BA581002C4C93;
			remoteInfo = datePickerAlarm;
		};
/* End PBXContainerItemProxy section */

/* Begin PBXFileReference section */
		F91282D4265BA581002C4C93 /* datePickerAlarm.app */ = {isa = PBXFileReference; explicitFileType = wrapper.application; includeInIndex = 0; path = datePickerAlarm.app; sourceTree = BUILT_PRODUCTS_DIR; };
		F91282D7265BA581002C4C93 /* AppDelegate.swift */ = {isa = PBXFileReference; lastKnownFileType = sourcecode.swift; path = AppDelegate.swift; sourceTree = "<group>"; };
		F91282D9265BA581002C4C93 /* SceneDelegate.swift */ = {isa = PBXFileReference; lastKnownFileType = sourcecode.swift; path = SceneDelegate.swift; sourceTree = "<group>"; };
		F91282DB265BA581002C4C93 /* ViewController.swift */ = {isa = PBXFileReference; lastKnownFileType = sourcecode.swift; path = ViewController.swift; sourceTree = "<group>"; };
		F91282DE265BA581002C4C93 /* Base */ = {isa = PBXFileReference; lastKnownFileType = file.storyboard; name = Base; path = Base.lproj/Main.storyboard; sourceTree = "<group>"; };
		F91282E0265BA582002C4C93 /* Assets.xcassets */ = {isa = PBXFileReference; lastKnownFileType = folder.assetcatalog; path = Assets.xcassets; sourceTree = "<group>"; };
		F91282E3265BA582002C4C93 /* Base */ = {isa = PBXFileReference; lastKnownFileType = file.storyboard; name = Base; path = Base.lproj/LaunchScreen.storyboard; sourceTree = "<group>"; };
		F91282E5265BA582002C4C93 /* Info.plist */ = {isa = PBXFileReference; lastKnownFileType = text.plist.xml; path = Info.plist; sourceTree = "<group>"; };
		F91282EA265BA582002C4C93 /* datePickerAlarmTests.xctest */ = {isa = PBXFileReference; explicitFileType = wrapper.cfbundle; includeInIndex = 0; path = datePickerAlarmTests.xctest; sourceTree = BUILT_PRODUCTS_DIR; };
		F91282EE265BA582002C4C93 /* datePickerAlarmTests.swift */ = {isa = PBXFileReference; lastKnownFileType = sourcecode.swift; path = datePickerAlarmTests.swift; sourceTree = "<group>"; };
		F91282F0265BA582002C4C93 /* Info.plist */ = {isa = PBXFileReference; lastKnownFileType = text.plist.xml; path = Info.plist; sourceTree = "<group>"; };
		F91282F5265BA582002C4C93 /* datePickerAlarmUITests.xctest */ = {isa = PBXFileReference; explicitFileType = wrapper.cfbundle; includeInIndex = 0; path = datePickerAlarmUITests.xctest; sourceTree = BUILT_PRODUCTS_DIR; };
		F91282F9265BA582002C4C93 /* datePickerAlarmUITests.swift */ = {isa = PBXFileReference; lastKnownFileType = sourcecode.swift; path = datePickerAlarmUITests.swift; sourceTree = "<group>"; };
		F91282FB265BA582002C4C93 /* Info.plist */ = {isa = PBXFileReference; lastKnownFileType = text.plist.xml; path = Info.plist; sourceTree = "<group>"; };
/* End PBXFileReference section */

/* Begin PBXFrameworksBuildPhase section */
		F91282D1265BA581002C4C93 /* Frameworks */ = {
			isa = PBXFrameworksBuildPhase;
			buildActionMask = 2147483647;
			files = (
			);
			runOnlyForDeploymentPostprocessing = 0;
		};
		F91282E7265BA582002C4C93 /* Frameworks */ = {
			isa = PBXFrameworksBuildPhase;
			buildActionMask = 2147483647;
			files = (
			);
			runOnlyForDeploymentPostprocessing = 0;
		};
		F91282F2265BA582002C4C93 /* Frameworks */ = {
			isa = PBXFrameworksBuildPhase;
			buildActionMask = 2147483647;
			files = (
			);
			runOnlyForDeploymentPostprocessing = 0;
		};
/* End PBXFrameworksBuildPhase section */

/* Begin PBXGroup section */
		F91282CB265BA581002C4C93 = {
			isa = PBXGroup;
			children = (
				F91282D6265BA581002C4C93 /* datePickerAlarm */,
				F91282ED265BA582002C4C93 /* datePickerAlarmTests */,
				F91282F8265BA582002C4C93 /* datePickerAlarmUITests */,
				F91282D5265BA581002C4C93 /* Products */,
			);
			sourceTree = "<group>";
		};
		F91282D5265BA581002C4C93 /* Products */ = {
			isa = PBXGroup;
			children = (
				F91282D4265BA581002C4C93 /* datePickerAlarm.app */,
				F91282EA265BA582002C4C93 /* datePickerAlarmTests.xctest */,
				F91282F5265BA582002C4C93 /* datePickerAlarmUITests.xctest */,
			);
			name = Products;
			sourceTree = "<group>";
		};
		F91282D6265BA581002C4C93 /* datePickerAlarm */ = {
			isa = PBXGroup;
			children = (
				F91282D7265BA581002C4C93 /* AppDelegate.swift */,
				F91282D9265BA581002C4C93 /* SceneDelegate.swift */,
				F91282DB265BA581002C4C93 /* ViewController.swift */,
				F91282DD265BA581002C4C93 /* Main.storyboard */,
				F91282E0265BA582002C4C93 /* Assets.xcassets */,
				F91282E2265BA582002C4C93 /* LaunchScreen.storyboard */,
				F91282E5265BA582002C4C93 /* Info.plist */,
			);
			path = datePickerAlarm;
			sourceTree = "<group>";
		};
		F91282ED265BA582002C4C93 /* datePickerAlarmTests */ = {
			isa = PBXGroup;
			children = (
				F91282EE265BA582002C4C93 /* datePickerAlarmTests.swift */,
				F91282F0265BA582002C4C93 /* Info.plist */,
			);
			path = datePickerAlarmTests;
			sourceTree = "<group>";
		};
		F91282F8265BA582002C4C93 /* datePickerAlarmUITests */ = {
			isa = PBXGroup;
			children = (
				F91282F9265BA582002C4C93 /* datePickerAlarmUITests.swift */,
				F91282FB265BA582002C4C93 /* Info.plist */,
			);
			path = datePickerAlarmUITests;
			sourceTree = "<group>";
		};
/* End PBXGroup section */

/* Begin PBXNativeTarget section */
		F91282D3265BA581002C4C93 /* datePickerAlarm */ = {
			isa = PBXNativeTarget;
			buildConfigurationList = F91282FE265BA582002C4C93 /* Build configuration list for PBXNativeTarget "datePickerAlarm" */;
			buildPhases = (
				F91282D0265BA581002C4C93 /* Sources */,
				F91282D1265BA581002C4C93 /* Frameworks */,
				F91282D2265BA581002C4C93 /* Resources */,
			);
			buildRules = (
			);
			dependencies = (
			);
			name = datePickerAlarm;
			productName = datePickerAlarm;
			productReference = F91282D4265BA581002C4C93 /* datePickerAlarm.app */;
			productType = "com.apple.product-type.application";
		};
		F91282E9265BA582002C4C93 /* datePickerAlarmTests */ = {
			isa = PBXNativeTarget;
			buildConfigurationList = F9128301265BA582002C4C93 /* Build configuration list for PBXNativeTarget "datePickerAlarmTests" */;
			buildPhases = (
				F91282E6265BA582002C4C93 /* Sources */,
				F91282E7265BA582002C4C93 /* Frameworks */,
				F91282E8265BA582002C4C93 /* Resources */,
			);
			buildRules = (
			);
			dependencies = (
				F91282EC265BA582002C4C93 /* PBXTargetDependency */,
			);
			name = datePickerAlarmTests;
			productName = datePickerAlarmTests;
			productReference = F91282EA265BA582002C4C93 /* datePickerAlarmTests.xctest */;
			productType = "com.apple.product-type.bundle.unit-test";
		};
		F91282F4265BA582002C4C93 /* datePickerAlarmUITests */ = {
			isa = PBXNativeTarget;
			buildConfigurationList = F9128304265BA582002C4C93 /* Build configuration list for PBXNativeTarget "datePickerAlarmUITests" */;
			buildPhases = (
				F91282F1265BA582002C4C93 /* Sources */,
				F91282F2265BA582002C4C93 /* Frameworks */,
				F91282F3265BA582002C4C93 /* Resources */,
			);
			buildRules = (
			);
			dependencies = (
				F91282F7265BA582002C4C93 /* PBXTargetDependency */,
			);
			name = datePickerAlarmUITests;
			productName = datePickerAlarmUITests;
			productReference = F91282F5265BA582002C4C93 /* datePickerAlarmUITests.xctest */;
			productType = "com.apple.product-type.bundle.ui-testing";
		};
/* End PBXNativeTarget section */

/* Begin PBXProject section */
		F91282CC265BA581002C4C93 /* Project object */ = {
			isa = PBXProject;
			attributes = {
				LastSwiftUpdateCheck = 1250;
				LastUpgradeCheck = 1250;
				TargetAttributes = {
					F91282D3265BA581002C4C93 = {
						CreatedOnToolsVersion = 12.5;
					};
					F91282E9265BA582002C4C93 = {
						CreatedOnToolsVersion = 12.5;
						TestTargetID = F91282D3265BA581002C4C93;
					};
					F91282F4265BA582002C4C93 = {
						CreatedOnToolsVersion = 12.5;
						TestTargetID = F91282D3265BA581002C4C93;
					};
				};
			};
			buildConfigurationList = F91282CF265BA581002C4C93 /* Build configuration list for PBXProject "datePickerAlarm" */;
			compatibilityVersion = "Xcode 9.3";
			developmentRegion = en;
			hasScannedForEncodings = 0;
			knownRegions = (
				en,
				Base,
			);
			mainGroup = F91282CB265BA581002C4C93;
			productRefGroup = F91282D5265BA581002C4C93 /* Products */;
			projectDirPath = "";
			projectRoot = "";
			targets = (
				F91282D3265BA581002C4C93 /* datePickerAlarm */,
				F91282E9265BA582002C4C93 /* datePickerAlarmTests */,
				F91282F4265BA582002C4C93 /* datePickerAlarmUITests */,
			);
		};
/* End PBXProject section */

/* Begin PBXResourcesBuildPhase section */
		F91282D2265BA581002C4C93 /* Resources */ = {
			isa = PBXResourcesBuildPhase;
			buildActionMask = 2147483647;
			files = (
				F91282E4265BA582002C4C93 /* LaunchScreen.storyboard in Resources */,
				F91282E1265BA582002C4C93 /* Assets.xcassets in Resources */,
				F91282DF265BA581002C4C93 /* Main.storyboard in Resources */,
			);
			runOnlyForDeploymentPostprocessing = 0;
		};
		F91282E8265BA582002C4C93 /* Resources */ = {
			isa = PBXResourcesBuildPhase;
			buildActionMask = 2147483647;
			files = (
			);
			runOnlyForDeploymentPostprocessing = 0;
		};
		F91282F3265BA582002C4C93 /* Resources */ = {
			isa = PBXResourcesBuildPhase;
			buildActionMask = 2147483647;
			files = (
			);
			runOnlyForDeploymentPostprocessing = 0;
		};
/* End PBXResourcesBuildPhase section */

/* Begin PBXSourcesBuildPhase section */
		F91282D0265BA581002C4C93 /* Sources */ = {
			isa = PBXSourcesBuildPhase;
			buildActionMask = 2147483647;
			files = (
				F91282DC265BA581002C4C93 /* ViewController.swift in Sources */,
				F91282D8265BA581002C4C93 /* AppDelegate.swift in Sources */,
				F91282DA265BA581002C4C93 /* SceneDelegate.swift in Sources */,
			);
			runOnlyForDeploymentPostprocessing = 0;
		};
		F91282E6265BA582002C4C93 /* Sources */ = {
			isa = PBXSourcesBuildPhase;
			buildActionMask = 2147483647;
			files = (
				F91282EF265BA582002C4C93 /* datePickerAlarmTests.swift in Sources */,
			);
			runOnlyForDeploymentPostprocessing = 0;
		};
		F91282F1265BA582002C4C93 /* Sources */ = {
			isa = PBXSourcesBuildPhase;
			buildActionMask = 2147483647;
			files = (
				F91282FA265BA582002C4C93 /* datePickerAlarmUITests.swift in Sources */,
			);
			runOnlyForDeploymentPostprocessing = 0;
		};
/* End PBXSourcesBuildPhase section */

/* Begin PBXTargetDependency section */
		F91282EC265BA582002C4C93 /* PBXTargetDependency */ = {
			isa = PBXTargetDependency;
			target = F91282D3265BA581002C4C93 /* datePickerAlarm */;
			targetProxy = F91282EB265BA582002C4C93 /* PBXContainerItemProxy */;
		};
		F91282F7265BA582002C4C93 /* PBXTargetDependency */ = {
			isa = PBXTargetDependency;
			target = F91282D3265BA581002C4C93 /* datePickerAlarm */;
			targetProxy = F91282F6265BA582002C4C93 /* PBXContainerItemProxy */;
		};
/* End PBXTargetDependency section */

/* Begin PBXVariantGroup section */
		F91282DD265BA581002C4C93 /* Main.storyboard */ = {
			isa = PBXVariantGroup;
			children = (
				F91282DE265BA581002C4C93 /* Base */,
			);
			name = Main.storyboard;
			sourceTree = "<group>";
		};
		F91282E2265BA582002C4C93 /* LaunchScreen.storyboard */ = {
			isa = PBXVariantGroup;
			children = (
				F91282E3265BA582002C4C93 /* Base */,
			);
			name = LaunchScreen.storyboard;
			sourceTree = "<group>";
		};
/* End PBXVariantGroup section */

/* Begin XCBuildConfiguration section */
		F91282FC265BA582002C4C93 /* Debug */ = {
			isa = XCBuildConfiguration;
			buildSettings = {
				ALWAYS_SEARCH_USER_PATHS = NO;
				CLANG_ANALYZER_NONNULL = YES;
				CLANG_ANALYZER_NUMBER_OBJECT_CONVERSION = YES_AGGRESSIVE;
				CLANG_CXX_LANGUAGE_STANDARD = "gnu++14";
				CLANG_CXX_LIBRARY = "libc++";
				CLANG_ENABLE_MODULES = YES;
				CLANG_ENABLE_OBJC_ARC = YES;
				CLANG_ENABLE_OBJC_WEAK = YES;
				CLANG_WARN_BLOCK_CAPTURE_AUTORELEASING = YES;
				CLANG_WARN_BOOL_CONVERSION = YES;
				CLANG_WARN_COMMA = YES;
				CLANG_WARN_CONSTANT_CONVERSION = YES;
				CLANG_WARN_DEPRECATED_OBJC_IMPLEMENTATIONS = YES;
				CLANG_WARN_DIRECT_OBJC_ISA_USAGE = YES_ERROR;
				CLANG_WARN_DOCUMENTATION_COMMENTS = YES;
				CLANG_WARN_EMPTY_BODY = YES;
				CLANG_WARN_ENUM_CONVERSION = YES;
				CLANG_WARN_INFINITE_RECURSION = YES;
				CLANG_WARN_INT_CONVERSION = YES;
				CLANG_WARN_NON_LITERAL_NULL_CONVERSION = YES;
				CLANG_WARN_OBJC_IMPLICIT_RETAIN_SELF = YES;
				CLANG_WARN_OBJC_LITERAL_CONVERSION = YES;
				CLANG_WARN_OBJC_ROOT_CLASS = YES_ERROR;
				CLANG_WARN_QUOTED_INCLUDE_IN_FRAMEWORK_HEADER = YES;
				CLANG_WARN_RANGE_LOOP_ANALYSIS = YES;
				CLANG_WARN_STRICT_PROTOTYPES = YES;
				CLANG_WARN_SUSPICIOUS_MOVE = YES;
				CLANG_WARN_UNGUARDED_AVAILABILITY = YES_AGGRESSIVE;
				CLANG_WARN_UNREACHABLE_CODE = YES;
				CLANG_WARN__DUPLICATE_METHOD_MATCH = YES;
				COPY_PHASE_STRIP = NO;
				DEBUG_INFORMATION_FORMAT = dwarf;
				ENABLE_STRICT_OBJC_MSGSEND = YES;
				ENABLE_TESTABILITY = YES;
				GCC_C_LANGUAGE_STANDARD = gnu11;
				GCC_DYNAMIC_NO_PIC = NO;
				GCC_NO_COMMON_BLOCKS = YES;
				GCC_OPTIMIZATION_LEVEL = 0;
				GCC_PREPROCESSOR_DEFINITIONS = (
					"DEBUG=1",
					"$(inherited)",
				);
				GCC_WARN_64_TO_32_BIT_CONVERSION = YES;
				GCC_WARN_ABOUT_RETURN_TYPE = YES_ERROR;
				GCC_WARN_UNDECLARED_SELECTOR = YES;
				GCC_WARN_UNINITIALIZED_AUTOS = YES_AGGRESSIVE;
				GCC_WARN_UNUSED_FUNCTION = YES;
				GCC_WARN_UNUSED_VARIABLE = YES;
				IPHONEOS_DEPLOYMENT_TARGET = 14.5;
				MTL_ENABLE_DEBUG_INFO = INCLUDE_SOURCE;
				MTL_FAST_MATH = YES;
				ONLY_ACTIVE_ARCH = YES;
				SDKROOT = iphoneos;
				SWIFT_ACTIVE_COMPILATION_CONDITIONS = DEBUG;
				SWIFT_OPTIMIZATION_LEVEL = "-Onone";
			};
			name = Debug;
		};
		F91282FD265BA582002C4C93 /* Release */ = {
			isa = XCBuildConfiguration;
			buildSettings = {
				ALWAYS_SEARCH_USER_PATHS = NO;
				CLANG_ANALYZER_NONNULL = YES;
				CLANG_ANALYZER_NUMBER_OBJECT_CONVERSION = YES_AGGRESSIVE;
				CLANG_CXX_LANGUAGE_STANDARD = "gnu++14";
				CLANG_CXX_LIBRARY = "libc++";
				CLANG_ENABLE_MODULES = YES;
				CLANG_ENABLE_OBJC_ARC = YES;
				CLANG_ENABLE_OBJC_WEAK = YES;
				CLANG_WARN_BLOCK_CAPTURE_AUTORELEASING = YES;
				CLANG_WARN_BOOL_CONVERSION = YES;
				CLANG_WARN_COMMA = YES;
				CLANG_WARN_CONSTANT_CONVERSION = YES;
				CLANG_WARN_DEPRECATED_OBJC_IMPLEMENTATIONS = YES;
				CLANG_WARN_DIRECT_OBJC_ISA_USAGE = YES_ERROR;
				CLANG_WARN_DOCUMENTATION_COMMENTS = YES;
				CLANG_WARN_EMPTY_BODY = YES;
				CLANG_WARN_ENUM_CONVERSION = YES;
				CLANG_WARN_INFINITE_RECURSION = YES;
				CLANG_WARN_INT_CONVERSION = YES;
				CLANG_WARN_NON_LITERAL_NULL_CONVERSION = YES;
				CLANG_WARN_OBJC_IMPLICIT_RETAIN_SELF = YES;
				CLANG_WARN_OBJC_LITERAL_CONVERSION = YES;
				CLANG_WARN_OBJC_ROOT_CLASS = YES_ERROR;
				CLANG_WARN_QUOTED_INCLUDE_IN_FRAMEWORK_HEADER = YES;
				CLANG_WARN_RANGE_LOOP_ANALYSIS = YES;
				CLANG_WARN_STRICT_PROTOTYPES = YES;
				CLANG_WARN_SUSPICIOUS_MOVE = YES;
				CLANG_WARN_UNGUARDED_AVAILABILITY = YES_AGGRESSIVE;
				CLANG_WARN_UNREACHABLE_CODE = YES;
				CLANG_WARN__DUPLICATE_METHOD_MATCH = YES;
				COPY_PHASE_STRIP = NO;
				DEBUG_INFORMATION_FORMAT = "dwarf-with-dsym";
				ENABLE_NS_ASSERTIONS = NO;
				ENABLE_STRICT_OBJC_MSGSEND = YES;
				GCC_C_LANGUAGE_STANDARD = gnu11;
				GCC_NO_COMMON_BLOCKS = YES;
				GCC_WARN_64_TO_32_BIT_CONVERSION = YES;
				GCC_WARN_ABOUT_RETURN_TYPE = YES_ERROR;
				GCC_WARN_UNDECLARED_SELECTOR = YES;
				GCC_WARN_UNINITIALIZED_AUTOS = YES_AGGRESSIVE;
				GCC_WARN_UNUSED_FUNCTION = YES;
				GCC_WARN_UNUSED_VARIABLE = YES;
				IPHONEOS_DEPLOYMENT_TARGET = 14.5;
				MTL_ENABLE_DEBUG_INFO = NO;
				MTL_FAST_MATH = YES;
				SDKROOT = iphoneos;
				SWIFT_COMPILATION_MODE = wholemodule;
				SWIFT_OPTIMIZATION_LEVEL = "-O";
				VALIDATE_PRODUCT = YES;
			};
			name = Release;
		};
		F91282FF265BA582002C4C93 /* Debug */ = {
			isa = XCBuildConfiguration;
			buildSettings = {
				ASSETCATALOG_COMPILER_APPICON_NAME = AppIcon;
				ASSETCATALOG_COMPILER_GLOBAL_ACCENT_COLOR_NAME = AccentColor;
				CODE_SIGN_STYLE = Automatic;
				INFOPLIST_FILE = datePickerAlarm/Info.plist;
				LD_RUNPATH_SEARCH_PATHS = (
					"$(inherited)",
					"@executable_path/Frameworks",
				);
				PRODUCT_BUNDLE_IDENTIFIER = Shin.datePickerAlarm;
				PRODUCT_NAME = "$(TARGET_NAME)";
				SWIFT_VERSION = 5.0;
				TARGETED_DEVICE_FAMILY = "1,2";
			};
			name = Debug;
		};
		F9128300265BA582002C4C93 /* Release */ = {
			isa = XCBuildConfiguration;
			buildSettings = {
				ASSETCATALOG_COMPILER_APPICON_NAME = AppIcon;
				ASSETCATALOG_COMPILER_GLOBAL_ACCENT_COLOR_NAME = AccentColor;
				CODE_SIGN_STYLE = Automatic;
				INFOPLIST_FILE = datePickerAlarm/Info.plist;
				LD_RUNPATH_SEARCH_PATHS = (
					"$(inherited)",
					"@executable_path/Frameworks",
				);
				PRODUCT_BUNDLE_IDENTIFIER = Shin.datePickerAlarm;
				PRODUCT_NAME = "$(TARGET_NAME)";
				SWIFT_VERSION = 5.0;
				TARGETED_DEVICE_FAMILY = "1,2";
			};
			name = Release;
		};
		F9128302265BA582002C4C93 /* Debug */ = {
			isa = XCBuildConfiguration;
			buildSettings = {
				ALWAYS_EMBED_SWIFT_STANDARD_LIBRARIES = YES;
				BUNDLE_LOADER = "$(TEST_HOST)";
				CODE_SIGN_STYLE = Automatic;
				INFOPLIST_FILE = datePickerAlarmTests/Info.plist;
				IPHONEOS_DEPLOYMENT_TARGET = 14.5;
				LD_RUNPATH_SEARCH_PATHS = (
					"$(inherited)",
					"@executable_path/Frameworks",
					"@loader_path/Frameworks",
				);
				PRODUCT_BUNDLE_IDENTIFIER = Shin.datePickerAlarmTests;
				PRODUCT_NAME = "$(TARGET_NAME)";
				SWIFT_VERSION = 5.0;
				TARGETED_DEVICE_FAMILY = "1,2";
				TEST_HOST = "$(BUILT_PRODUCTS_DIR)/datePickerAlarm.app/datePickerAlarm";
			};
			name = Debug;
		};
		F9128303265BA582002C4C93 /* Release */ = {
			isa = XCBuildConfiguration;
			buildSettings = {
				ALWAYS_EMBED_SWIFT_STANDARD_LIBRARIES = YES;
				BUNDLE_LOADER = "$(TEST_HOST)";
				CODE_SIGN_STYLE = Automatic;
				INFOPLIST_FILE = datePickerAlarmTests/Info.plist;
				IPHONEOS_DEPLOYMENT_TARGET = 14.5;
				LD_RUNPATH_SEARCH_PATHS = (
					"$(inherited)",
					"@executable_path/Frameworks",
					"@loader_path/Frameworks",
				);
				PRODUCT_BUNDLE_IDENTIFIER = Shin.datePickerAlarmTests;
				PRODUCT_NAME = "$(TARGET_NAME)";
				SWIFT_VERSION = 5.0;
				TARGETED_DEVICE_FAMILY = "1,2";
				TEST_HOST = "$(BUILT_PRODUCTS_DIR)/datePickerAlarm.app/datePickerAlarm";
			};
			name = Release;
		};
		F9128305265BA582002C4C93 /* Debug */ = {
			isa = XCBuildConfiguration;
			buildSettings = {
				ALWAYS_EMBED_SWIFT_STANDARD_LIBRARIES = YES;
				CODE_SIGN_STYLE = Automatic;
				INFOPLIST_FILE = datePickerAlarmUITests/Info.plist;
				LD_RUNPATH_SEARCH_PATHS = (
					"$(inherited)",
					"@executable_path/Frameworks",
					"@loader_path/Frameworks",
				);
				PRODUCT_BUNDLE_IDENTIFIER = Shin.datePickerAlarmUITests;
				PRODUCT_NAME = "$(TARGET_NAME)";
				SWIFT_VERSION = 5.0;
				TARGETED_DEVICE_FAMILY = "1,2";
				TEST_TARGET_NAME = datePickerAlarm;
			};
			name = Debug;
		};
		F9128306265BA582002C4C93 /* Release */ = {
			isa = XCBuildConfiguration;
			buildSettings = {
				ALWAYS_EMBED_SWIFT_STANDARD_LIBRARIES = YES;
				CODE_SIGN_STYLE = Automatic;
				INFOPLIST_FILE = datePickerAlarmUITests/Info.plist;
				LD_RUNPATH_SEARCH_PATHS = (
					"$(inherited)",
					"@executable_path/Frameworks",
					"@loader_path/Frameworks",
				);
				PRODUCT_BUNDLE_IDENTIFIER = Shin.datePickerAlarmUITests;
				PRODUCT_NAME = "$(TARGET_NAME)";
				SWIFT_VERSION = 5.0;
				TARGETED_DEVICE_FAMILY = "1,2";
				TEST_TARGET_NAME = datePickerAlarm;
			};
			name = Release;
		};
/* End XCBuildConfiguration section */

/* Begin XCConfigurationList section */
		F91282CF265BA581002C4C93 /* Build configuration list for PBXProject "datePickerAlarm" */ = {
			isa = XCConfigurationList;
			buildConfigurations = (
				F91282FC265BA582002C4C93 /* Debug */,
				F91282FD265BA582002C4C93 /* Release */,
			);
			defaultConfigurationIsVisible = 0;
			defaultConfigurationName = Release;
		};
		F91282FE265BA582002C4C93 /* Build configuration list for PBXNativeTarget "datePickerAlarm" */ = {
			isa = XCConfigurationList;
			buildConfigurations = (
				F91282FF265BA582002C4C93 /* Debug */,
				F9128300265BA582002C4C93 /* Release */,
			);
			defaultConfigurationIsVisible = 0;
			defaultConfigurationName = Release;
		};
		F9128301265BA582002C4C93 /* Build configuration list for PBXNativeTarget "datePickerAlarmTests" */ = {
			isa = XCConfigurationList;
			buildConfigurations = (
				F9128302265BA582002C4C93 /* Debug */,
				F9128303265BA582002C4C93 /* Release */,
			);
			defaultConfigurationIsVisible = 0;
			defaultConfigurationName = Release;
		};
		F9128304265BA582002C4C93 /* Build configuration list for PBXNativeTarget "datePickerAlarmUITests" */ = {
			isa = XCConfigurationList;
			buildConfigurations = (
				F9128305265BA582002C4C93 /* Debug */,
				F9128306265BA582002C4C93 /* Release */,
			);
			defaultConfigurationIsVisible = 0;
			defaultConfigurationName = Release;
		};
/* End XCConfigurationList section */
	};
	rootObject = F91282CC265BA581002C4C93 /* Project object */;
}
