// !$*UTF8*$!
{
	archiveVersion = 1;
	classes = {
	};
	objectVersion = 56;
	objects = {

/* Begin PBXBuildFile section */
		051D0064291D5B060061FCF4 /* FeatureSectionView.swift in Sources */ = {isa = PBXBuildFile; fileRef = 051D0063291D5B060061FCF4 /* FeatureSectionView.swift */; };
		051D0066291D65970061FCF4 /* FeatureSectionCollectionViewCell.swift in Sources */ = {isa = PBXBuildFile; fileRef = 051D0065291D65970061FCF4 /* FeatureSectionCollectionViewCell.swift */; };
		051D0068291D77A80061FCF4 /* SeparatorView.swift in Sources */ = {isa = PBXBuildFile; fileRef = 051D0067291D77A80061FCF4 /* SeparatorView.swift */; };
		051D006A291D795A0061FCF4 /* RankingFeatureSectionView.swift in Sources */ = {isa = PBXBuildFile; fileRef = 051D0069291D795A0061FCF4 /* RankingFeatureSectionView.swift */; };
		05A9B9D4290C23E7008176A4 /* AppDelegate.swift in Sources */ = {isa = PBXBuildFile; fileRef = 05A9B9D3290C23E7008176A4 /* AppDelegate.swift */; };
		05A9B9D6290C23E7008176A4 /* SceneDelegate.swift in Sources */ = {isa = PBXBuildFile; fileRef = 05A9B9D5290C23E7008176A4 /* SceneDelegate.swift */; };
		05A9B9D8290C23E7008176A4 /* TabBarController.swift in Sources */ = {isa = PBXBuildFile; fileRef = 05A9B9D7290C23E7008176A4 /* TabBarController.swift */; };
		05A9B9DD290C23E9008176A4 /* Assets.xcassets in Resources */ = {isa = PBXBuildFile; fileRef = 05A9B9DC290C23E9008176A4 /* Assets.xcassets */; };
		05A9B9E0290C23E9008176A4 /* LaunchScreen.storyboard in Resources */ = {isa = PBXBuildFile; fileRef = 05A9B9DE290C23E9008176A4 /* LaunchScreen.storyboard */; };
		05A9B9E9290C2713008176A4 /* Kingfisher in Frameworks */ = {isa = PBXBuildFile; productRef = 05A9B9E8290C2713008176A4 /* Kingfisher */; };
		05ED1DA329142A02002C2DFA /* TodayViewController.swift in Sources */ = {isa = PBXBuildFile; fileRef = 05ED1DA229142A02002C2DFA /* TodayViewController.swift */; };
		05ED1DA629193679002C2DFA /* SnapKit in Frameworks */ = {isa = PBXBuildFile; productRef = 05ED1DA529193679002C2DFA /* SnapKit */; };
		05ED1DA82919395E002C2DFA /* TodayCollectionViewCell.swift in Sources */ = {isa = PBXBuildFile; fileRef = 05ED1DA72919395E002C2DFA /* TodayCollectionViewCell.swift */; };
		05ED1DAA2919421E002C2DFA /* TodayCollectionHeaderView.swift in Sources */ = {isa = PBXBuildFile; fileRef = 05ED1DA92919421E002C2DFA /* TodayCollectionHeaderView.swift */; };
		05ED1DAD291C137E002C2DFA /* AppViewController.swift in Sources */ = {isa = PBXBuildFile; fileRef = 05ED1DAC291C137E002C2DFA /* AppViewController.swift */; };
/* End PBXBuildFile section */

/* Begin PBXFileReference section */
		051D0063291D5B060061FCF4 /* FeatureSectionView.swift */ = {isa = PBXFileReference; lastKnownFileType = sourcecode.swift; path = FeatureSectionView.swift; sourceTree = "<group>"; };
		051D0065291D65970061FCF4 /* FeatureSectionCollectionViewCell.swift */ = {isa = PBXFileReference; lastKnownFileType = sourcecode.swift; path = FeatureSectionCollectionViewCell.swift; sourceTree = "<group>"; };
		051D0067291D77A80061FCF4 /* SeparatorView.swift */ = {isa = PBXFileReference; lastKnownFileType = sourcecode.swift; path = SeparatorView.swift; sourceTree = "<group>"; };
		051D0069291D795A0061FCF4 /* RankingFeatureSectionView.swift */ = {isa = PBXFileReference; lastKnownFileType = sourcecode.swift; path = RankingFeatureSectionView.swift; sourceTree = "<group>"; };
		05A9B9D0290C23E7008176A4 /* UIkitAppStore.app */ = {isa = PBXFileReference; explicitFileType = wrapper.application; includeInIndex = 0; path = UIkitAppStore.app; sourceTree = BUILT_PRODUCTS_DIR; };
		05A9B9D3290C23E7008176A4 /* AppDelegate.swift */ = {isa = PBXFileReference; lastKnownFileType = sourcecode.swift; path = AppDelegate.swift; sourceTree = "<group>"; };
		05A9B9D5290C23E7008176A4 /* SceneDelegate.swift */ = {isa = PBXFileReference; lastKnownFileType = sourcecode.swift; path = SceneDelegate.swift; sourceTree = "<group>"; };
		05A9B9D7290C23E7008176A4 /* TabBarController.swift */ = {isa = PBXFileReference; lastKnownFileType = sourcecode.swift; path = TabBarController.swift; sourceTree = "<group>"; };
		05A9B9DC290C23E9008176A4 /* Assets.xcassets */ = {isa = PBXFileReference; lastKnownFileType = folder.assetcatalog; path = Assets.xcassets; sourceTree = "<group>"; };
		05A9B9DF290C23E9008176A4 /* Base */ = {isa = PBXFileReference; lastKnownFileType = file.storyboard; name = Base; path = Base.lproj/LaunchScreen.storyboard; sourceTree = "<group>"; };
		05A9B9E1290C23E9008176A4 /* Info.plist */ = {isa = PBXFileReference; lastKnownFileType = text.plist.xml; path = Info.plist; sourceTree = "<group>"; };
		05ED1DA229142A02002C2DFA /* TodayViewController.swift */ = {isa = PBXFileReference; lastKnownFileType = sourcecode.swift; path = TodayViewController.swift; sourceTree = "<group>"; };
		05ED1DA72919395E002C2DFA /* TodayCollectionViewCell.swift */ = {isa = PBXFileReference; lastKnownFileType = sourcecode.swift; path = TodayCollectionViewCell.swift; sourceTree = "<group>"; };
		05ED1DA92919421E002C2DFA /* TodayCollectionHeaderView.swift */ = {isa = PBXFileReference; lastKnownFileType = sourcecode.swift; path = TodayCollectionHeaderView.swift; sourceTree = "<group>"; };
		05ED1DAC291C137E002C2DFA /* AppViewController.swift */ = {isa = PBXFileReference; lastKnownFileType = sourcecode.swift; path = AppViewController.swift; sourceTree = "<group>"; };
/* End PBXFileReference section */

/* Begin PBXFrameworksBuildPhase section */
		05A9B9CD290C23E7008176A4 /* Frameworks */ = {
			isa = PBXFrameworksBuildPhase;
			buildActionMask = 2147483647;
			files = (
				05A9B9E9290C2713008176A4 /* Kingfisher in Frameworks */,
				05ED1DA629193679002C2DFA /* SnapKit in Frameworks */,
			);
			runOnlyForDeploymentPostprocessing = 0;
		};
/* End PBXFrameworksBuildPhase section */

/* Begin PBXGroup section */
		05A9B9C7290C23E7008176A4 = {
			isa = PBXGroup;
			children = (
				05A9B9D2290C23E7008176A4 /* UIkitAppStore */,
				05A9B9D1290C23E7008176A4 /* Products */,
				05ED1DA429193679002C2DFA /* Frameworks */,
			);
			sourceTree = "<group>";
		};
		05A9B9D1290C23E7008176A4 /* Products */ = {
			isa = PBXGroup;
			children = (
				05A9B9D0290C23E7008176A4 /* UIkitAppStore.app */,
			);
			name = Products;
			sourceTree = "<group>";
		};
		05A9B9D2290C23E7008176A4 /* UIkitAppStore */ = {
			isa = PBXGroup;
			children = (
				05A9B9D3290C23E7008176A4 /* AppDelegate.swift */,
				05A9B9D5290C23E7008176A4 /* SceneDelegate.swift */,
				05ED1DA0291429CB002C2DFA /* Scenes */,
				05A9B9DC290C23E9008176A4 /* Assets.xcassets */,
				05A9B9DE290C23E9008176A4 /* LaunchScreen.storyboard */,
				05A9B9E1290C23E9008176A4 /* Info.plist */,
			);
			path = UIkitAppStore;
			sourceTree = "<group>";
		};
		05ED1DA0291429CB002C2DFA /* Scenes */ = {
			isa = PBXGroup;
			children = (
				05A9B9D7290C23E7008176A4 /* TabBarController.swift */,
				05ED1DAB291C1369002C2DFA /* App */,
				05ED1DA1291429ED002C2DFA /* Today */,
			);
			path = Scenes;
			sourceTree = "<group>";
		};
		05ED1DA1291429ED002C2DFA /* Today */ = {
			isa = PBXGroup;
			children = (
				05ED1DA229142A02002C2DFA /* TodayViewController.swift */,
				05ED1DA72919395E002C2DFA /* TodayCollectionViewCell.swift */,
				05ED1DA92919421E002C2DFA /* TodayCollectionHeaderView.swift */,
			);
			path = Today;
			sourceTree = "<group>";
		};
		05ED1DA429193679002C2DFA /* Frameworks */ = {
			isa = PBXGroup;
			children = (
			);
			name = Frameworks;
			sourceTree = "<group>";
		};
		05ED1DAB291C1369002C2DFA /* App */ = {
			isa = PBXGroup;
			children = (
				05ED1DAC291C137E002C2DFA /* AppViewController.swift */,
				051D0063291D5B060061FCF4 /* FeatureSectionView.swift */,
				051D0065291D65970061FCF4 /* FeatureSectionCollectionViewCell.swift */,
				051D0067291D77A80061FCF4 /* SeparatorView.swift */,
				051D0069291D795A0061FCF4 /* RankingFeatureSectionView.swift */,
			);
			path = App;
			sourceTree = "<group>";
		};
/* End PBXGroup section */

/* Begin PBXNativeTarget section */
		05A9B9CF290C23E7008176A4 /* UIkitAppStore */ = {
			isa = PBXNativeTarget;
			buildConfigurationList = 05A9B9E4290C23E9008176A4 /* Build configuration list for PBXNativeTarget "UIkitAppStore" */;
			buildPhases = (
				05A9B9CC290C23E7008176A4 /* Sources */,
				05A9B9CD290C23E7008176A4 /* Frameworks */,
				05A9B9CE290C23E7008176A4 /* Resources */,
			);
			buildRules = (
			);
			dependencies = (
			);
			name = UIkitAppStore;
			packageProductDependencies = (
				05A9B9E8290C2713008176A4 /* Kingfisher */,
				05ED1DA529193679002C2DFA /* SnapKit */,
			);
			productName = UIkitAppStore;
			productReference = 05A9B9D0290C23E7008176A4 /* UIkitAppStore.app */;
			productType = "com.apple.product-type.application";
		};
/* End PBXNativeTarget section */

/* Begin PBXProject section */
		05A9B9C8290C23E7008176A4 /* Project object */ = {
			isa = PBXProject;
			attributes = {
				BuildIndependentTargetsInParallel = 1;
				LastSwiftUpdateCheck = 1400;
				LastUpgradeCheck = 1400;
				TargetAttributes = {
					05A9B9CF290C23E7008176A4 = {
						CreatedOnToolsVersion = 14.0.1;
					};
				};
			};
			buildConfigurationList = 05A9B9CB290C23E7008176A4 /* Build configuration list for PBXProject "UIkitAppStore" */;
			compatibilityVersion = "Xcode 14.0";
			developmentRegion = en;
			hasScannedForEncodings = 0;
			knownRegions = (
				en,
				Base,
			);
			mainGroup = 05A9B9C7290C23E7008176A4;
			packageReferences = (
				05A9B9E7290C2713008176A4 /* XCRemoteSwiftPackageReference "Kingfisher" */,
				05A9B9EA290C2720008176A4 /* XCRemoteSwiftPackageReference "SnapKit" */,
			);
			productRefGroup = 05A9B9D1290C23E7008176A4 /* Products */;
			projectDirPath = "";
			projectRoot = "";
			targets = (
				05A9B9CF290C23E7008176A4 /* UIkitAppStore */,
			);
		};
/* End PBXProject section */

/* Begin PBXResourcesBuildPhase section */
		05A9B9CE290C23E7008176A4 /* Resources */ = {
			isa = PBXResourcesBuildPhase;
			buildActionMask = 2147483647;
			files = (
				05A9B9E0290C23E9008176A4 /* LaunchScreen.storyboard in Resources */,
				05A9B9DD290C23E9008176A4 /* Assets.xcassets in Resources */,
			);
			runOnlyForDeploymentPostprocessing = 0;
		};
/* End PBXResourcesBuildPhase section */

/* Begin PBXSourcesBuildPhase section */
		05A9B9CC290C23E7008176A4 /* Sources */ = {
			isa = PBXSourcesBuildPhase;
			buildActionMask = 2147483647;
			files = (
				05ED1DA329142A02002C2DFA /* TodayViewController.swift in Sources */,
				05A9B9D8290C23E7008176A4 /* TabBarController.swift in Sources */,
				051D0068291D77A80061FCF4 /* SeparatorView.swift in Sources */,
				05A9B9D4290C23E7008176A4 /* AppDelegate.swift in Sources */,
				05ED1DAA2919421E002C2DFA /* TodayCollectionHeaderView.swift in Sources */,
				05ED1DAD291C137E002C2DFA /* AppViewController.swift in Sources */,
				051D0066291D65970061FCF4 /* FeatureSectionCollectionViewCell.swift in Sources */,
				05A9B9D6290C23E7008176A4 /* SceneDelegate.swift in Sources */,
				05ED1DA82919395E002C2DFA /* TodayCollectionViewCell.swift in Sources */,
				051D0064291D5B060061FCF4 /* FeatureSectionView.swift in Sources */,
				051D006A291D795A0061FCF4 /* RankingFeatureSectionView.swift in Sources */,
			);
			runOnlyForDeploymentPostprocessing = 0;
		};
/* End PBXSourcesBuildPhase section */

/* Begin PBXVariantGroup section */
		05A9B9DE290C23E9008176A4 /* LaunchScreen.storyboard */ = {
			isa = PBXVariantGroup;
			children = (
				05A9B9DF290C23E9008176A4 /* Base */,
			);
			name = LaunchScreen.storyboard;
			sourceTree = "<group>";
		};
/* End PBXVariantGroup section */

/* Begin XCBuildConfiguration section */
		05A9B9E2290C23E9008176A4 /* Debug */ = {
			isa = XCBuildConfiguration;
			buildSettings = {
				ALWAYS_SEARCH_USER_PATHS = NO;
				CLANG_ANALYZER_NONNULL = YES;
				CLANG_ANALYZER_NUMBER_OBJECT_CONVERSION = YES_AGGRESSIVE;
				CLANG_CXX_LANGUAGE_STANDARD = "gnu++20";
				CLANG_ENABLE_MODULES = YES;
				CLANG_ENABLE_OBJC_ARC = YES;
				CLANG_ENABLE_OBJC_WEAK = YES;
				CLANG_WARN_BLOCK_CAPTURE_AUTORELEASING = YES;
				CLANG_WARN_BOOL_CONVERSION = YES;
				CLANG_WARN_COMMA = YES;
				CLANG_WARN_CONSTANT_CONVERSION = YES;
				CLANG_WARN_DEPRECATED_OBJC_IMPLEMENTATIONS = YES;
				CLANG_WARN_DIRECT_OBJC_ISA_USAGE = YES_ERROR;
				CLANG_WARN_DOCUMENTATION_COMMENTS = YES;
				CLANG_WARN_EMPTY_BODY = YES;
				CLANG_WARN_ENUM_CONVERSION = YES;
				CLANG_WARN_INFINITE_RECURSION = YES;
				CLANG_WARN_INT_CONVERSION = YES;
				CLANG_WARN_NON_LITERAL_NULL_CONVERSION = YES;
				CLANG_WARN_OBJC_IMPLICIT_RETAIN_SELF = YES;
				CLANG_WARN_OBJC_LITERAL_CONVERSION = YES;
				CLANG_WARN_OBJC_ROOT_CLASS = YES_ERROR;
				CLANG_WARN_QUOTED_INCLUDE_IN_FRAMEWORK_HEADER = YES;
				CLANG_WARN_RANGE_LOOP_ANALYSIS = YES;
				CLANG_WARN_STRICT_PROTOTYPES = YES;
				CLANG_WARN_SUSPICIOUS_MOVE = YES;
				CLANG_WARN_UNGUARDED_AVAILABILITY = YES_AGGRESSIVE;
				CLANG_WARN_UNREACHABLE_CODE = YES;
				CLANG_WARN__DUPLICATE_METHOD_MATCH = YES;
				COPY_PHASE_STRIP = NO;
				DEBUG_INFORMATION_FORMAT = dwarf;
				ENABLE_STRICT_OBJC_MSGSEND = YES;
				ENABLE_TESTABILITY = YES;
				GCC_C_LANGUAGE_STANDARD = gnu11;
				GCC_DYNAMIC_NO_PIC = NO;
				GCC_NO_COMMON_BLOCKS = YES;
				GCC_OPTIMIZATION_LEVEL = 0;
				GCC_PREPROCESSOR_DEFINITIONS = (
					"DEBUG=1",
					"$(inherited)",
				);
				GCC_WARN_64_TO_32_BIT_CONVERSION = YES;
				GCC_WARN_ABOUT_RETURN_TYPE = YES_ERROR;
				GCC_WARN_UNDECLARED_SELECTOR = YES;
				GCC_WARN_UNINITIALIZED_AUTOS = YES_AGGRESSIVE;
				GCC_WARN_UNUSED_FUNCTION = YES;
				GCC_WARN_UNUSED_VARIABLE = YES;
				IPHONEOS_DEPLOYMENT_TARGET = 16.0;
				MTL_ENABLE_DEBUG_INFO = INCLUDE_SOURCE;
				MTL_FAST_MATH = YES;
				ONLY_ACTIVE_ARCH = YES;
				SDKROOT = iphoneos;
				SWIFT_ACTIVE_COMPILATION_CONDITIONS = DEBUG;
				SWIFT_OPTIMIZATION_LEVEL = "-Onone";
			};
			name = Debug;
		};
		05A9B9E3290C23E9008176A4 /* Release */ = {
			isa = XCBuildConfiguration;
			buildSettings = {
				ALWAYS_SEARCH_USER_PATHS = NO;
				CLANG_ANALYZER_NONNULL = YES;
				CLANG_ANALYZER_NUMBER_OBJECT_CONVERSION = YES_AGGRESSIVE;
				CLANG_CXX_LANGUAGE_STANDARD = "gnu++20";
				CLANG_ENABLE_MODULES = YES;
				CLANG_ENABLE_OBJC_ARC = YES;
				CLANG_ENABLE_OBJC_WEAK = YES;
				CLANG_WARN_BLOCK_CAPTURE_AUTORELEASING = YES;
				CLANG_WARN_BOOL_CONVERSION = YES;
				CLANG_WARN_COMMA = YES;
				CLANG_WARN_CONSTANT_CONVERSION = YES;
				CLANG_WARN_DEPRECATED_OBJC_IMPLEMENTATIONS = YES;
				CLANG_WARN_DIRECT_OBJC_ISA_USAGE = YES_ERROR;
				CLANG_WARN_DOCUMENTATION_COMMENTS = YES;
				CLANG_WARN_EMPTY_BODY = YES;
				CLANG_WARN_ENUM_CONVERSION = YES;
				CLANG_WARN_INFINITE_RECURSION = YES;
				CLANG_WARN_INT_CONVERSION = YES;
				CLANG_WARN_NON_LITERAL_NULL_CONVERSION = YES;
				CLANG_WARN_OBJC_IMPLICIT_RETAIN_SELF = YES;
				CLANG_WARN_OBJC_LITERAL_CONVERSION = YES;
				CLANG_WARN_OBJC_ROOT_CLASS = YES_ERROR;
				CLANG_WARN_QUOTED_INCLUDE_IN_FRAMEWORK_HEADER = YES;
				CLANG_WARN_RANGE_LOOP_ANALYSIS = YES;
				CLANG_WARN_STRICT_PROTOTYPES = YES;
				CLANG_WARN_SUSPICIOUS_MOVE = YES;
				CLANG_WARN_UNGUARDED_AVAILABILITY = YES_AGGRESSIVE;
				CLANG_WARN_UNREACHABLE_CODE = YES;
				CLANG_WARN__DUPLICATE_METHOD_MATCH = YES;
				COPY_PHASE_STRIP = NO;
				DEBUG_INFORMATION_FORMAT = "dwarf-with-dsym";
				ENABLE_NS_ASSERTIONS = NO;
				ENABLE_STRICT_OBJC_MSGSEND = YES;
				GCC_C_LANGUAGE_STANDARD = gnu11;
				GCC_NO_COMMON_BLOCKS = YES;
				GCC_WARN_64_TO_32_BIT_CONVERSION = YES;
				GCC_WARN_ABOUT_RETURN_TYPE = YES_ERROR;
				GCC_WARN_UNDECLARED_SELECTOR = YES;
				GCC_WARN_UNINITIALIZED_AUTOS = YES_AGGRESSIVE;
				GCC_WARN_UNUSED_FUNCTION = YES;
				GCC_WARN_UNUSED_VARIABLE = YES;
				IPHONEOS_DEPLOYMENT_TARGET = 16.0;
				MTL_ENABLE_DEBUG_INFO = NO;
				MTL_FAST_MATH = YES;
				SDKROOT = iphoneos;
				SWIFT_COMPILATION_MODE = wholemodule;
				SWIFT_OPTIMIZATION_LEVEL = "-O";
				VALIDATE_PRODUCT = YES;
			};
			name = Release;
		};
		05A9B9E5290C23E9008176A4 /* Debug */ = {
			isa = XCBuildConfiguration;
			buildSettings = {
				ASSETCATALOG_COMPILER_APPICON_NAME = AppIcon;
				ASSETCATALOG_COMPILER_GLOBAL_ACCENT_COLOR_NAME = AccentColor;
				CODE_SIGN_STYLE = Automatic;
				CURRENT_PROJECT_VERSION = 1;
				GENERATE_INFOPLIST_FILE = YES;
				INFOPLIST_FILE = UIkitAppStore/Info.plist;
				INFOPLIST_KEY_UIApplicationSupportsIndirectInputEvents = YES;
				INFOPLIST_KEY_UILaunchStoryboardName = LaunchScreen;
				INFOPLIST_KEY_UISupportedInterfaceOrientations_iPad = "UIInterfaceOrientationPortrait UIInterfaceOrientationPortraitUpsideDown UIInterfaceOrientationLandscapeLeft UIInterfaceOrientationLandscapeRight";
				INFOPLIST_KEY_UISupportedInterfaceOrientations_iPhone = "UIInterfaceOrientationPortrait UIInterfaceOrientationLandscapeLeft UIInterfaceOrientationLandscapeRight";
				LD_RUNPATH_SEARCH_PATHS = (
					"$(inherited)",
					"@executable_path/Frameworks",
				);
				MARKETING_VERSION = 1.0;
				PRODUCT_BUNDLE_IDENTIFIER = com.Shin.UIkitAppStore;
				PRODUCT_NAME = "$(TARGET_NAME)";
				SWIFT_EMIT_LOC_STRINGS = YES;
				SWIFT_VERSION = 5.0;
				TARGETED_DEVICE_FAMILY = "1,2";
			};
			name = Debug;
		};
		05A9B9E6290C23E9008176A4 /* Release */ = {
			isa = XCBuildConfiguration;
			buildSettings = {
				ASSETCATALOG_COMPILER_APPICON_NAME = AppIcon;
				ASSETCATALOG_COMPILER_GLOBAL_ACCENT_COLOR_NAME = AccentColor;
				CODE_SIGN_STYLE = Automatic;
				CURRENT_PROJECT_VERSION = 1;
				GENERATE_INFOPLIST_FILE = YES;
				INFOPLIST_FILE = UIkitAppStore/Info.plist;
				INFOPLIST_KEY_UIApplicationSupportsIndirectInputEvents = YES;
				INFOPLIST_KEY_UILaunchStoryboardName = LaunchScreen;
				INFOPLIST_KEY_UISupportedInterfaceOrientations_iPad = "UIInterfaceOrientationPortrait UIInterfaceOrientationPortraitUpsideDown UIInterfaceOrientationLandscapeLeft UIInterfaceOrientationLandscapeRight";
				INFOPLIST_KEY_UISupportedInterfaceOrientations_iPhone = "UIInterfaceOrientationPortrait UIInterfaceOrientationLandscapeLeft UIInterfaceOrientationLandscapeRight";
				LD_RUNPATH_SEARCH_PATHS = (
					"$(inherited)",
					"@executable_path/Frameworks",
				);
				MARKETING_VERSION = 1.0;
				PRODUCT_BUNDLE_IDENTIFIER = com.Shin.UIkitAppStore;
				PRODUCT_NAME = "$(TARGET_NAME)";
				SWIFT_EMIT_LOC_STRINGS = YES;
				SWIFT_VERSION = 5.0;
				TARGETED_DEVICE_FAMILY = "1,2";
			};
			name = Release;
		};
/* End XCBuildConfiguration section */

/* Begin XCConfigurationList section */
		05A9B9CB290C23E7008176A4 /* Build configuration list for PBXProject "UIkitAppStore" */ = {
			isa = XCConfigurationList;
			buildConfigurations = (
				05A9B9E2290C23E9008176A4 /* Debug */,
				05A9B9E3290C23E9008176A4 /* Release */,
			);
			defaultConfigurationIsVisible = 0;
			defaultConfigurationName = Release;
		};
		05A9B9E4290C23E9008176A4 /* Build configuration list for PBXNativeTarget "UIkitAppStore" */ = {
			isa = XCConfigurationList;
			buildConfigurations = (
				05A9B9E5290C23E9008176A4 /* Debug */,
				05A9B9E6290C23E9008176A4 /* Release */,
			);
			defaultConfigurationIsVisible = 0;
			defaultConfigurationName = Release;
		};
/* End XCConfigurationList section */

/* Begin XCRemoteSwiftPackageReference section */
		05A9B9E7290C2713008176A4 /* XCRemoteSwiftPackageReference "Kingfisher" */ = {
			isa = XCRemoteSwiftPackageReference;
			repositoryURL = "https://github.com/onevcat/Kingfisher.git";
			requirement = {
				kind = upToNextMajorVersion;
				minimumVersion = 7.0.0;
			};
		};
		05A9B9EA290C2720008176A4 /* XCRemoteSwiftPackageReference "SnapKit" */ = {
			isa = XCRemoteSwiftPackageReference;
			repositoryURL = "https://github.com/SnapKit/SnapKit.git";
			requirement = {
				kind = upToNextMajorVersion;
				minimumVersion = 5.0.0;
			};
		};
/* End XCRemoteSwiftPackageReference section */

/* Begin XCSwiftPackageProductDependency section */
		05A9B9E8290C2713008176A4 /* Kingfisher */ = {
			isa = XCSwiftPackageProductDependency;
			package = 05A9B9E7290C2713008176A4 /* XCRemoteSwiftPackageReference "Kingfisher" */;
			productName = Kingfisher;
		};
		05ED1DA529193679002C2DFA /* SnapKit */ = {
			isa = XCSwiftPackageProductDependency;
			package = 05A9B9EA290C2720008176A4 /* XCRemoteSwiftPackageReference "SnapKit" */;
			productName = SnapKit;
		};
/* End XCSwiftPackageProductDependency section */
	};
	rootObject = 05A9B9C8290C23E7008176A4 /* Project object */;
}
