// !$*UTF8*$!
{
	archiveVersion = 1;
	classes = {
	};
	objectVersion = 55;
	objects = {

/* Begin PBXBuildFile section */
		05FA879A288863DC00BDC007 /* AppDelegate.swift in Sources */ = {isa = PBXBuildFile; fileRef = 05FA8799288863DC00BDC007 /* AppDelegate.swift */; };
		05FA879C288863DC00BDC007 /* SceneDelegate.swift in Sources */ = {isa = PBXBuildFile; fileRef = 05FA879B288863DC00BDC007 /* SceneDelegate.swift */; };
		05FA879E288863DC00BDC007 /* ViewController.swift in Sources */ = {isa = PBXBuildFile; fileRef = 05FA879D288863DC00BDC007 /* ViewController.swift */; };
		05FA87A1288863DC00BDC007 /* Main.storyboard in Resources */ = {isa = PBXBuildFile; fileRef = 05FA879F288863DC00BDC007 /* Main.storyboard */; };
		05FA87A3288863DE00BDC007 /* Assets.xcassets in Resources */ = {isa = PBXBuildFile; fileRef = 05FA87A2288863DE00BDC007 /* Assets.xcassets */; };
		05FA87A6288863DE00BDC007 /* LaunchScreen.storyboard in Resources */ = {isa = PBXBuildFile; fileRef = 05FA87A4288863DE00BDC007 /* LaunchScreen.storyboard */; };
		05FA87AE2888653300BDC007 /* SeguePushViewController.swift in Sources */ = {isa = PBXBuildFile; fileRef = 05FA87AD2888653300BDC007 /* SeguePushViewController.swift */; };
		05FA87B0288866C200BDC007 /* SeguePresentViewController.swift in Sources */ = {isa = PBXBuildFile; fileRef = 05FA87AF288866C200BDC007 /* SeguePresentViewController.swift */; };
		05FA87B2288867D600BDC007 /* CodePushViewController.swift in Sources */ = {isa = PBXBuildFile; fileRef = 05FA87B1288867D600BDC007 /* CodePushViewController.swift */; };
		05FA87B42888694C00BDC007 /* CodePresentViewController.swift in Sources */ = {isa = PBXBuildFile; fileRef = 05FA87B32888694C00BDC007 /* CodePresentViewController.swift */; };
/* End PBXBuildFile section */

/* Begin PBXFileReference section */
		05FA8796288863DC00BDC007 /* UIKitScreenTransitionExample.app */ = {isa = PBXFileReference; explicitFileType = wrapper.application; includeInIndex = 0; path = UIKitScreenTransitionExample.app; sourceTree = BUILT_PRODUCTS_DIR; };
		05FA8799288863DC00BDC007 /* AppDelegate.swift */ = {isa = PBXFileReference; lastKnownFileType = sourcecode.swift; path = AppDelegate.swift; sourceTree = "<group>"; };
		05FA879B288863DC00BDC007 /* SceneDelegate.swift */ = {isa = PBXFileReference; lastKnownFileType = sourcecode.swift; path = SceneDelegate.swift; sourceTree = "<group>"; };
		05FA879D288863DC00BDC007 /* ViewController.swift */ = {isa = PBXFileReference; lastKnownFileType = sourcecode.swift; path = ViewController.swift; sourceTree = "<group>"; };
		05FA87A0288863DC00BDC007 /* Base */ = {isa = PBXFileReference; lastKnownFileType = file.storyboard; name = Base; path = Base.lproj/Main.storyboard; sourceTree = "<group>"; };
		05FA87A2288863DE00BDC007 /* Assets.xcassets */ = {isa = PBXFileReference; lastKnownFileType = folder.assetcatalog; path = Assets.xcassets; sourceTree = "<group>"; };
		05FA87A5288863DE00BDC007 /* Base */ = {isa = PBXFileReference; lastKnownFileType = file.storyboard; name = Base; path = Base.lproj/LaunchScreen.storyboard; sourceTree = "<group>"; };
		05FA87A7288863DE00BDC007 /* Info.plist */ = {isa = PBXFileReference; lastKnownFileType = text.plist.xml; path = Info.plist; sourceTree = "<group>"; };
		05FA87AD2888653300BDC007 /* SeguePushViewController.swift */ = {isa = PBXFileReference; lastKnownFileType = sourcecode.swift; path = SeguePushViewController.swift; sourceTree = "<group>"; };
		05FA87AF288866C200BDC007 /* SeguePresentViewController.swift */ = {isa = PBXFileReference; lastKnownFileType = sourcecode.swift; path = SeguePresentViewController.swift; sourceTree = "<group>"; };
		05FA87B1288867D600BDC007 /* CodePushViewController.swift */ = {isa = PBXFileReference; lastKnownFileType = sourcecode.swift; path = CodePushViewController.swift; sourceTree = "<group>"; };
		05FA87B32888694C00BDC007 /* CodePresentViewController.swift */ = {isa = PBXFileReference; lastKnownFileType = sourcecode.swift; path = CodePresentViewController.swift; sourceTree = "<group>"; };
/* End PBXFileReference section */

/* Begin PBXFrameworksBuildPhase section */
		05FA8793288863DC00BDC007 /* Frameworks */ = {
			isa = PBXFrameworksBuildPhase;
			buildActionMask = 2147483647;
			files = (
			);
			runOnlyForDeploymentPostprocessing = 0;
		};
/* End PBXFrameworksBuildPhase section */

/* Begin PBXGroup section */
		05FA878D288863DC00BDC007 = {
			isa = PBXGroup;
			children = (
				05FA8798288863DC00BDC007 /* UIKitScreenTransitionExample */,
				05FA8797288863DC00BDC007 /* Products */,
			);
			sourceTree = "<group>";
		};
		05FA8797288863DC00BDC007 /* Products */ = {
			isa = PBXGroup;
			children = (
				05FA8796288863DC00BDC007 /* UIKitScreenTransitionExample.app */,
			);
			name = Products;
			sourceTree = "<group>";
		};
		05FA8798288863DC00BDC007 /* UIKitScreenTransitionExample */ = {
			isa = PBXGroup;
			children = (
				05FA8799288863DC00BDC007 /* AppDelegate.swift */,
				05FA879B288863DC00BDC007 /* SceneDelegate.swift */,
				05FA879D288863DC00BDC007 /* ViewController.swift */,
				05FA87AD2888653300BDC007 /* SeguePushViewController.swift */,
				05FA87AF288866C200BDC007 /* SeguePresentViewController.swift */,
				05FA879F288863DC00BDC007 /* Main.storyboard */,
				05FA87A2288863DE00BDC007 /* Assets.xcassets */,
				05FA87A4288863DE00BDC007 /* LaunchScreen.storyboard */,
				05FA87A7288863DE00BDC007 /* Info.plist */,
				05FA87B1288867D600BDC007 /* CodePushViewController.swift */,
				05FA87B32888694C00BDC007 /* CodePresentViewController.swift */,
			);
			path = UIKitScreenTransitionExample;
			sourceTree = "<group>";
		};
/* End PBXGroup section */

/* Begin PBXNativeTarget section */
		05FA8795288863DC00BDC007 /* UIKitScreenTransitionExample */ = {
			isa = PBXNativeTarget;
			buildConfigurationList = 05FA87AA288863DE00BDC007 /* Build configuration list for PBXNativeTarget "UIKitScreenTransitionExample" */;
			buildPhases = (
				05FA8792288863DC00BDC007 /* Sources */,
				05FA8793288863DC00BDC007 /* Frameworks */,
				05FA8794288863DC00BDC007 /* Resources */,
			);
			buildRules = (
			);
			dependencies = (
			);
			name = UIKitScreenTransitionExample;
			productName = UIKitScreenTransitionExample;
			productReference = 05FA8796288863DC00BDC007 /* UIKitScreenTransitionExample.app */;
			productType = "com.apple.product-type.application";
		};
/* End PBXNativeTarget section */

/* Begin PBXProject section */
		05FA878E288863DC00BDC007 /* Project object */ = {
			isa = PBXProject;
			attributes = {
				BuildIndependentTargetsInParallel = 1;
				LastSwiftUpdateCheck = 1340;
				LastUpgradeCheck = 1340;
				TargetAttributes = {
					05FA8795288863DC00BDC007 = {
						CreatedOnToolsVersion = 13.4.1;
					};
				};
			};
			buildConfigurationList = 05FA8791288863DC00BDC007 /* Build configuration list for PBXProject "UIKitScreenTransitionExample" */;
			compatibilityVersion = "Xcode 13.0";
			developmentRegion = en;
			hasScannedForEncodings = 0;
			knownRegions = (
				en,
				Base,
			);
			mainGroup = 05FA878D288863DC00BDC007;
			productRefGroup = 05FA8797288863DC00BDC007 /* Products */;
			projectDirPath = "";
			projectRoot = "";
			targets = (
				05FA8795288863DC00BDC007 /* UIKitScreenTransitionExample */,
			);
		};
/* End PBXProject section */

/* Begin PBXResourcesBuildPhase section */
		05FA8794288863DC00BDC007 /* Resources */ = {
			isa = PBXResourcesBuildPhase;
			buildActionMask = 2147483647;
			files = (
				05FA87A6288863DE00BDC007 /* LaunchScreen.storyboard in Resources */,
				05FA87A3288863DE00BDC007 /* Assets.xcassets in Resources */,
				05FA87A1288863DC00BDC007 /* Main.storyboard in Resources */,
			);
			runOnlyForDeploymentPostprocessing = 0;
		};
/* End PBXResourcesBuildPhase section */

/* Begin PBXSourcesBuildPhase section */
		05FA8792288863DC00BDC007 /* Sources */ = {
			isa = PBXSourcesBuildPhase;
			buildActionMask = 2147483647;
			files = (
				05FA87AE2888653300BDC007 /* SeguePushViewController.swift in Sources */,
				05FA87B2288867D600BDC007 /* CodePushViewController.swift in Sources */,
				05FA879E288863DC00BDC007 /* ViewController.swift in Sources */,
				05FA879A288863DC00BDC007 /* AppDelegate.swift in Sources */,
				05FA87B42888694C00BDC007 /* CodePresentViewController.swift in Sources */,
				05FA87B0288866C200BDC007 /* SeguePresentViewController.swift in Sources */,
				05FA879C288863DC00BDC007 /* SceneDelegate.swift in Sources */,
			);
			runOnlyForDeploymentPostprocessing = 0;
		};
/* End PBXSourcesBuildPhase section */

/* Begin PBXVariantGroup section */
		05FA879F288863DC00BDC007 /* Main.storyboard */ = {
			isa = PBXVariantGroup;
			children = (
				05FA87A0288863DC00BDC007 /* Base */,
			);
			name = Main.storyboard;
			sourceTree = "<group>";
		};
		05FA87A4288863DE00BDC007 /* LaunchScreen.storyboard */ = {
			isa = PBXVariantGroup;
			children = (
				05FA87A5288863DE00BDC007 /* Base */,
			);
			name = LaunchScreen.storyboard;
			sourceTree = "<group>";
		};
/* End PBXVariantGroup section */

/* Begin XCBuildConfiguration section */
		05FA87A8288863DE00BDC007 /* Debug */ = {
			isa = XCBuildConfiguration;
			buildSettings = {
				ALWAYS_SEARCH_USER_PATHS = NO;
				CLANG_ANALYZER_NONNULL = YES;
				CLANG_ANALYZER_NUMBER_OBJECT_CONVERSION = YES_AGGRESSIVE;
				CLANG_CXX_LANGUAGE_STANDARD = "gnu++17";
				CLANG_ENABLE_MODULES = YES;
				CLANG_ENABLE_OBJC_ARC = YES;
				CLANG_ENABLE_OBJC_WEAK = YES;
				CLANG_WARN_BLOCK_CAPTURE_AUTORELEASING = YES;
				CLANG_WARN_BOOL_CONVERSION = YES;
				CLANG_WARN_COMMA = YES;
				CLANG_WARN_CONSTANT_CONVERSION = YES;
				CLANG_WARN_DEPRECATED_OBJC_IMPLEMENTATIONS = YES;
				CLANG_WARN_DIRECT_OBJC_ISA_USAGE = YES_ERROR;
				CLANG_WARN_DOCUMENTATION_COMMENTS = YES;
				CLANG_WARN_EMPTY_BODY = YES;
				CLANG_WARN_ENUM_CONVERSION = YES;
				CLANG_WARN_INFINITE_RECURSION = YES;
				CLANG_WARN_INT_CONVERSION = YES;
				CLANG_WARN_NON_LITERAL_NULL_CONVERSION = YES;
				CLANG_WARN_OBJC_IMPLICIT_RETAIN_SELF = YES;
				CLANG_WARN_OBJC_LITERAL_CONVERSION = YES;
				CLANG_WARN_OBJC_ROOT_CLASS = YES_ERROR;
				CLANG_WARN_QUOTED_INCLUDE_IN_FRAMEWORK_HEADER = YES;
				CLANG_WARN_RANGE_LOOP_ANALYSIS = YES;
				CLANG_WARN_STRICT_PROTOTYPES = YES;
				CLANG_WARN_SUSPICIOUS_MOVE = YES;
				CLANG_WARN_UNGUARDED_AVAILABILITY = YES_AGGRESSIVE;
				CLANG_WARN_UNREACHABLE_CODE = YES;
				CLANG_WARN__DUPLICATE_METHOD_MATCH = YES;
				COPY_PHASE_STRIP = NO;
				DEBUG_INFORMATION_FORMAT = dwarf;
				ENABLE_STRICT_OBJC_MSGSEND = YES;
				ENABLE_TESTABILITY = YES;
				GCC_C_LANGUAGE_STANDARD = gnu11;
				GCC_DYNAMIC_NO_PIC = NO;
				GCC_NO_COMMON_BLOCKS = YES;
				GCC_OPTIMIZATION_LEVEL = 0;
				GCC_PREPROCESSOR_DEFINITIONS = (
					"DEBUG=1",
					"$(inherited)",
				);
				GCC_WARN_64_TO_32_BIT_CONVERSION = YES;
				GCC_WARN_ABOUT_RETURN_TYPE = YES_ERROR;
				GCC_WARN_UNDECLARED_SELECTOR = YES;
				GCC_WARN_UNINITIALIZED_AUTOS = YES_AGGRESSIVE;
				GCC_WARN_UNUSED_FUNCTION = YES;
				GCC_WARN_UNUSED_VARIABLE = YES;
				IPHONEOS_DEPLOYMENT_TARGET = 15.5;
				MTL_ENABLE_DEBUG_INFO = INCLUDE_SOURCE;
				MTL_FAST_MATH = YES;
				ONLY_ACTIVE_ARCH = YES;
				SDKROOT = iphoneos;
				SWIFT_ACTIVE_COMPILATION_CONDITIONS = DEBUG;
				SWIFT_OPTIMIZATION_LEVEL = "-Onone";
			};
			name = Debug;
		};
		05FA87A9288863DE00BDC007 /* Release */ = {
			isa = XCBuildConfiguration;
			buildSettings = {
				ALWAYS_SEARCH_USER_PATHS = NO;
				CLANG_ANALYZER_NONNULL = YES;
				CLANG_ANALYZER_NUMBER_OBJECT_CONVERSION = YES_AGGRESSIVE;
				CLANG_CXX_LANGUAGE_STANDARD = "gnu++17";
				CLANG_ENABLE_MODULES = YES;
				CLANG_ENABLE_OBJC_ARC = YES;
				CLANG_ENABLE_OBJC_WEAK = YES;
				CLANG_WARN_BLOCK_CAPTURE_AUTORELEASING = YES;
				CLANG_WARN_BOOL_CONVERSION = YES;
				CLANG_WARN_COMMA = YES;
				CLANG_WARN_CONSTANT_CONVERSION = YES;
				CLANG_WARN_DEPRECATED_OBJC_IMPLEMENTATIONS = YES;
				CLANG_WARN_DIRECT_OBJC_ISA_USAGE = YES_ERROR;
				CLANG_WARN_DOCUMENTATION_COMMENTS = YES;
				CLANG_WARN_EMPTY_BODY = YES;
				CLANG_WARN_ENUM_CONVERSION = YES;
				CLANG_WARN_INFINITE_RECURSION = YES;
				CLANG_WARN_INT_CONVERSION = YES;
				CLANG_WARN_NON_LITERAL_NULL_CONVERSION = YES;
				CLANG_WARN_OBJC_IMPLICIT_RETAIN_SELF = YES;
				CLANG_WARN_OBJC_LITERAL_CONVERSION = YES;
				CLANG_WARN_OBJC_ROOT_CLASS = YES_ERROR;
				CLANG_WARN_QUOTED_INCLUDE_IN_FRAMEWORK_HEADER = YES;
				CLANG_WARN_RANGE_LOOP_ANALYSIS = YES;
				CLANG_WARN_STRICT_PROTOTYPES = YES;
				CLANG_WARN_SUSPICIOUS_MOVE = YES;
				CLANG_WARN_UNGUARDED_AVAILABILITY = YES_AGGRESSIVE;
				CLANG_WARN_UNREACHABLE_CODE = YES;
				CLANG_WARN__DUPLICATE_METHOD_MATCH = YES;
				COPY_PHASE_STRIP = NO;
				DEBUG_INFORMATION_FORMAT = "dwarf-with-dsym";
				ENABLE_NS_ASSERTIONS = NO;
				ENABLE_STRICT_OBJC_MSGSEND = YES;
				GCC_C_LANGUAGE_STANDARD = gnu11;
				GCC_NO_COMMON_BLOCKS = YES;
				GCC_WARN_64_TO_32_BIT_CONVERSION = YES;
				GCC_WARN_ABOUT_RETURN_TYPE = YES_ERROR;
				GCC_WARN_UNDECLARED_SELECTOR = YES;
				GCC_WARN_UNINITIALIZED_AUTOS = YES_AGGRESSIVE;
				GCC_WARN_UNUSED_FUNCTION = YES;
				GCC_WARN_UNUSED_VARIABLE = YES;
				IPHONEOS_DEPLOYMENT_TARGET = 15.5;
				MTL_ENABLE_DEBUG_INFO = NO;
				MTL_FAST_MATH = YES;
				SDKROOT = iphoneos;
				SWIFT_COMPILATION_MODE = wholemodule;
				SWIFT_OPTIMIZATION_LEVEL = "-O";
				VALIDATE_PRODUCT = YES;
			};
			name = Release;
		};
		05FA87AB288863DE00BDC007 /* Debug */ = {
			isa = XCBuildConfiguration;
			buildSettings = {
				ASSETCATALOG_COMPILER_APPICON_NAME = AppIcon;
				ASSETCATALOG_COMPILER_GLOBAL_ACCENT_COLOR_NAME = AccentColor;
				CODE_SIGN_STYLE = Automatic;
				CURRENT_PROJECT_VERSION = 1;
				DEVELOPMENT_TEAM = TZPPZDYCQY;
				GENERATE_INFOPLIST_FILE = YES;
				INFOPLIST_FILE = UIKitScreenTransitionExample/Info.plist;
				INFOPLIST_KEY_UIApplicationSupportsIndirectInputEvents = YES;
				INFOPLIST_KEY_UILaunchStoryboardName = LaunchScreen;
				INFOPLIST_KEY_UIMainStoryboardFile = Main;
				INFOPLIST_KEY_UISupportedInterfaceOrientations_iPad = "UIInterfaceOrientationPortrait UIInterfaceOrientationPortraitUpsideDown UIInterfaceOrientationLandscapeLeft UIInterfaceOrientationLandscapeRight";
				INFOPLIST_KEY_UISupportedInterfaceOrientations_iPhone = "UIInterfaceOrientationPortrait UIInterfaceOrientationLandscapeLeft UIInterfaceOrientationLandscapeRight";
				LD_RUNPATH_SEARCH_PATHS = (
					"$(inherited)",
					"@executable_path/Frameworks",
				);
				MARKETING_VERSION = 1.0;
				PRODUCT_BUNDLE_IDENTIFIER = com.shinyong.UIKitScreenTransitionExample;
				PRODUCT_NAME = "$(TARGET_NAME)";
				SWIFT_EMIT_LOC_STRINGS = YES;
				SWIFT_VERSION = 5.0;
				TARGETED_DEVICE_FAMILY = "1,2";
			};
			name = Debug;
		};
		05FA87AC288863DE00BDC007 /* Release */ = {
			isa = XCBuildConfiguration;
			buildSettings = {
				ASSETCATALOG_COMPILER_APPICON_NAME = AppIcon;
				ASSETCATALOG_COMPILER_GLOBAL_ACCENT_COLOR_NAME = AccentColor;
				CODE_SIGN_STYLE = Automatic;
				CURRENT_PROJECT_VERSION = 1;
				DEVELOPMENT_TEAM = TZPPZDYCQY;
				GENERATE_INFOPLIST_FILE = YES;
				INFOPLIST_FILE = UIKitScreenTransitionExample/Info.plist;
				INFOPLIST_KEY_UIApplicationSupportsIndirectInputEvents = YES;
				INFOPLIST_KEY_UILaunchStoryboardName = LaunchScreen;
				INFOPLIST_KEY_UIMainStoryboardFile = Main;
				INFOPLIST_KEY_UISupportedInterfaceOrientations_iPad = "UIInterfaceOrientationPortrait UIInterfaceOrientationPortraitUpsideDown UIInterfaceOrientationLandscapeLeft UIInterfaceOrientationLandscapeRight";
				INFOPLIST_KEY_UISupportedInterfaceOrientations_iPhone = "UIInterfaceOrientationPortrait UIInterfaceOrientationLandscapeLeft UIInterfaceOrientationLandscapeRight";
				LD_RUNPATH_SEARCH_PATHS = (
					"$(inherited)",
					"@executable_path/Frameworks",
				);
				MARKETING_VERSION = 1.0;
				PRODUCT_BUNDLE_IDENTIFIER = com.shinyong.UIKitScreenTransitionExample;
				PRODUCT_NAME = "$(TARGET_NAME)";
				SWIFT_EMIT_LOC_STRINGS = YES;
				SWIFT_VERSION = 5.0;
				TARGETED_DEVICE_FAMILY = "1,2";
			};
			name = Release;
		};
/* End XCBuildConfiguration section */

/* Begin XCConfigurationList section */
		05FA8791288863DC00BDC007 /* Build configuration list for PBXProject "UIKitScreenTransitionExample" */ = {
			isa = XCConfigurationList;
			buildConfigurations = (
				05FA87A8288863DE00BDC007 /* Debug */,
				05FA87A9288863DE00BDC007 /* Release */,
			);
			defaultConfigurationIsVisible = 0;
			defaultConfigurationName = Release;
		};
		05FA87AA288863DE00BDC007 /* Build configuration list for PBXNativeTarget "UIKitScreenTransitionExample" */ = {
			isa = XCConfigurationList;
			buildConfigurations = (
				05FA87AB288863DE00BDC007 /* Debug */,
				05FA87AC288863DE00BDC007 /* Release */,
			);
			defaultConfigurationIsVisible = 0;
			defaultConfigurationName = Release;
		};
/* End XCConfigurationList section */
	};
	rootObject = 05FA878E288863DC00BDC007 /* Project object */;
}
