// !$*UTF8*$!
{
	archiveVersion = 1;
	classes = {
	};
	objectVersion = 56;
	objects = {

/* Begin PBXBuildFile section */
		055CF4FD2935BFF900417D96 /* AppDelegate.swift in Sources */ = {isa = PBXBuildFile; fileRef = 055CF4FC2935BFF900417D96 /* AppDelegate.swift */; };
		055CF4FF2935BFF900417D96 /* SceneDelegate.swift in Sources */ = {isa = PBXBuildFile; fileRef = 055CF4FE2935BFF900417D96 /* SceneDelegate.swift */; };
		055CF5012935BFF900417D96 /* ViewController.swift in Sources */ = {isa = PBXBuildFile; fileRef = 055CF5002935BFF900417D96 /* ViewController.swift */; };
		055CF5042935BFF900417D96 /* Main.storyboard in Resources */ = {isa = PBXBuildFile; fileRef = 055CF5022935BFF900417D96 /* Main.storyboard */; };
		055CF5062935BFFA00417D96 /* Assets.xcassets in Resources */ = {isa = PBXBuildFile; fileRef = 055CF5052935BFFA00417D96 /* Assets.xcassets */; };
		055CF5092935BFFA00417D96 /* LaunchScreen.storyboard in Resources */ = {isa = PBXBuildFile; fileRef = 055CF5072935BFFA00417D96 /* LaunchScreen.storyboard */; };
		055CF5172935C02E00417D96 /* WidgetKit.framework in Frameworks */ = {isa = PBXBuildFile; fileRef = 055CF5162935C02E00417D96 /* WidgetKit.framework */; };
		055CF5192935C02E00417D96 /* SwiftUI.framework in Frameworks */ = {isa = PBXBuildFile; fileRef = 055CF5182935C02E00417D96 /* SwiftUI.framework */; };
		055CF51C2935C02E00417D96 /* My_WidgetBundle.swift in Sources */ = {isa = PBXBuildFile; fileRef = 055CF51B2935C02E00417D96 /* My_WidgetBundle.swift */; };
		055CF51E2935C02E00417D96 /* My_WidgetLiveActivity.swift in Sources */ = {isa = PBXBuildFile; fileRef = 055CF51D2935C02E00417D96 /* My_WidgetLiveActivity.swift */; };
		055CF5202935C02E00417D96 /* My_Widget.swift in Sources */ = {isa = PBXBuildFile; fileRef = 055CF51F2935C02E00417D96 /* My_Widget.swift */; };
		055CF5232935C02F00417D96 /* Assets.xcassets in Resources */ = {isa = PBXBuildFile; fileRef = 055CF5222935C02F00417D96 /* Assets.xcassets */; };
		055CF5252935C02F00417D96 /* My_Widget.intentdefinition in Sources */ = {isa = PBXBuildFile; fileRef = 055CF5212935C02E00417D96 /* My_Widget.intentdefinition */; };
		055CF5262935C02F00417D96 /* My_Widget.intentdefinition in Sources */ = {isa = PBXBuildFile; fileRef = 055CF5212935C02E00417D96 /* My_Widget.intentdefinition */; };
		055CF5292935C02F00417D96 /* My WidgetExtension.appex in Embed Foundation Extensions */ = {isa = PBXBuildFile; fileRef = 055CF5142935C02E00417D96 /* My WidgetExtension.appex */; settings = {ATTRIBUTES = (RemoveHeadersOnCopy, ); }; };
/* End PBXBuildFile section */

/* Begin PBXContainerItemProxy section */
		055CF5272935C02F00417D96 /* PBXContainerItemProxy */ = {
			isa = PBXContainerItemProxy;
			containerPortal = 055CF4F12935BFF900417D96 /* Project object */;
			proxyType = 1;
			remoteGlobalIDString = 055CF5132935C02E00417D96;
			remoteInfo = "My WidgetExtension";
		};
/* End PBXContainerItemProxy section */

/* Begin PBXCopyFilesBuildPhase section */
		055CF52D2935C02F00417D96 /* Embed Foundation Extensions */ = {
			isa = PBXCopyFilesBuildPhase;
			buildActionMask = 2147483647;
			dstPath = "";
			dstSubfolderSpec = 13;
			files = (
				055CF5292935C02F00417D96 /* My WidgetExtension.appex in Embed Foundation Extensions */,
			);
			name = "Embed Foundation Extensions";
			runOnlyForDeploymentPostprocessing = 0;
		};
/* End PBXCopyFilesBuildPhase section */

/* Begin PBXFileReference section */
		055CF4F92935BFF900417D96 /* UIKitWidgetExample.app */ = {isa = PBXFileReference; explicitFileType = wrapper.application; includeInIndex = 0; path = UIKitWidgetExample.app; sourceTree = BUILT_PRODUCTS_DIR; };
		055CF4FC2935BFF900417D96 /* AppDelegate.swift */ = {isa = PBXFileReference; lastKnownFileType = sourcecode.swift; path = AppDelegate.swift; sourceTree = "<group>"; };
		055CF4FE2935BFF900417D96 /* SceneDelegate.swift */ = {isa = PBXFileReference; lastKnownFileType = sourcecode.swift; path = SceneDelegate.swift; sourceTree = "<group>"; };
		055CF5002935BFF900417D96 /* ViewController.swift */ = {isa = PBXFileReference; lastKnownFileType = sourcecode.swift; path = ViewController.swift; sourceTree = "<group>"; };
		055CF5032935BFF900417D96 /* Base */ = {isa = PBXFileReference; lastKnownFileType = file.storyboard; name = Base; path = Base.lproj/Main.storyboard; sourceTree = "<group>"; };
		055CF5052935BFFA00417D96 /* Assets.xcassets */ = {isa = PBXFileReference; lastKnownFileType = folder.assetcatalog; path = Assets.xcassets; sourceTree = "<group>"; };
		055CF5082935BFFA00417D96 /* Base */ = {isa = PBXFileReference; lastKnownFileType = file.storyboard; name = Base; path = Base.lproj/LaunchScreen.storyboard; sourceTree = "<group>"; };
		055CF50A2935BFFA00417D96 /* Info.plist */ = {isa = PBXFileReference; lastKnownFileType = text.plist.xml; path = Info.plist; sourceTree = "<group>"; };
		055CF5142935C02E00417D96 /* My WidgetExtension.appex */ = {isa = PBXFileReference; explicitFileType = "wrapper.app-extension"; includeInIndex = 0; path = "My WidgetExtension.appex"; sourceTree = BUILT_PRODUCTS_DIR; };
		055CF5162935C02E00417D96 /* WidgetKit.framework */ = {isa = PBXFileReference; lastKnownFileType = wrapper.framework; name = WidgetKit.framework; path = System/Library/Frameworks/WidgetKit.framework; sourceTree = SDKROOT; };
		055CF5182935C02E00417D96 /* SwiftUI.framework */ = {isa = PBXFileReference; lastKnownFileType = wrapper.framework; name = SwiftUI.framework; path = System/Library/Frameworks/SwiftUI.framework; sourceTree = SDKROOT; };
		055CF51B2935C02E00417D96 /* My_WidgetBundle.swift */ = {isa = PBXFileReference; lastKnownFileType = sourcecode.swift; path = My_WidgetBundle.swift; sourceTree = "<group>"; };
		055CF51D2935C02E00417D96 /* My_WidgetLiveActivity.swift */ = {isa = PBXFileReference; lastKnownFileType = sourcecode.swift; path = My_WidgetLiveActivity.swift; sourceTree = "<group>"; };
		055CF51F2935C02E00417D96 /* My_Widget.swift */ = {isa = PBXFileReference; lastKnownFileType = sourcecode.swift; path = My_Widget.swift; sourceTree = "<group>"; };
		055CF5212935C02E00417D96 /* My_Widget.intentdefinition */ = {isa = PBXFileReference; lastKnownFileType = file.intentdefinition; path = My_Widget.intentdefinition; sourceTree = "<group>"; };
		055CF5222935C02F00417D96 /* Assets.xcassets */ = {isa = PBXFileReference; lastKnownFileType = folder.assetcatalog; path = Assets.xcassets; sourceTree = "<group>"; };
		055CF5242935C02F00417D96 /* Info.plist */ = {isa = PBXFileReference; lastKnownFileType = text.plist.xml; path = Info.plist; sourceTree = "<group>"; };
		05E6B5DB2939976C009B0B32 /* UIKitWidgetExample.entitlements */ = {isa = PBXFileReference; lastKnownFileType = text.plist.entitlements; path = UIKitWidgetExample.entitlements; sourceTree = "<group>"; };
		05E6B5DC2939977F009B0B32 /* My WidgetExtension.entitlements */ = {isa = PBXFileReference; lastKnownFileType = text.plist.entitlements; path = "My WidgetExtension.entitlements"; sourceTree = "<group>"; };
/* End PBXFileReference section */

/* Begin PBXFrameworksBuildPhase section */
		055CF4F62935BFF900417D96 /* Frameworks */ = {
			isa = PBXFrameworksBuildPhase;
			buildActionMask = 2147483647;
			files = (
			);
			runOnlyForDeploymentPostprocessing = 0;
		};
		055CF5112935C02E00417D96 /* Frameworks */ = {
			isa = PBXFrameworksBuildPhase;
			buildActionMask = 2147483647;
			files = (
				055CF5192935C02E00417D96 /* SwiftUI.framework in Frameworks */,
				055CF5172935C02E00417D96 /* WidgetKit.framework in Frameworks */,
			);
			runOnlyForDeploymentPostprocessing = 0;
		};
/* End PBXFrameworksBuildPhase section */

/* Begin PBXGroup section */
		055CF4F02935BFF900417D96 = {
			isa = PBXGroup;
			children = (
				05E6B5DC2939977F009B0B32 /* My WidgetExtension.entitlements */,
				055CF4FB2935BFF900417D96 /* UIKitWidgetExample */,
				055CF51A2935C02E00417D96 /* My Widget */,
				055CF5152935C02E00417D96 /* Frameworks */,
				055CF4FA2935BFF900417D96 /* Products */,
			);
			sourceTree = "<group>";
		};
		055CF4FA2935BFF900417D96 /* Products */ = {
			isa = PBXGroup;
			children = (
				055CF4F92935BFF900417D96 /* UIKitWidgetExample.app */,
				055CF5142935C02E00417D96 /* My WidgetExtension.appex */,
			);
			name = Products;
			sourceTree = "<group>";
		};
		055CF4FB2935BFF900417D96 /* UIKitWidgetExample */ = {
			isa = PBXGroup;
			children = (
				05E6B5DB2939976C009B0B32 /* UIKitWidgetExample.entitlements */,
				055CF4FC2935BFF900417D96 /* AppDelegate.swift */,
				055CF4FE2935BFF900417D96 /* SceneDelegate.swift */,
				055CF5002935BFF900417D96 /* ViewController.swift */,
				055CF5022935BFF900417D96 /* Main.storyboard */,
				055CF5052935BFFA00417D96 /* Assets.xcassets */,
				055CF5072935BFFA00417D96 /* LaunchScreen.storyboard */,
				055CF50A2935BFFA00417D96 /* Info.plist */,
			);
			path = UIKitWidgetExample;
			sourceTree = "<group>";
		};
		055CF5152935C02E00417D96 /* Frameworks */ = {
			isa = PBXGroup;
			children = (
				055CF5162935C02E00417D96 /* WidgetKit.framework */,
				055CF5182935C02E00417D96 /* SwiftUI.framework */,
			);
			name = Frameworks;
			sourceTree = "<group>";
		};
		055CF51A2935C02E00417D96 /* My Widget */ = {
			isa = PBXGroup;
			children = (
				055CF51B2935C02E00417D96 /* My_WidgetBundle.swift */,
				055CF51D2935C02E00417D96 /* My_WidgetLiveActivity.swift */,
				055CF51F2935C02E00417D96 /* My_Widget.swift */,
				055CF5212935C02E00417D96 /* My_Widget.intentdefinition */,
				055CF5222935C02F00417D96 /* Assets.xcassets */,
				055CF5242935C02F00417D96 /* Info.plist */,
			);
			path = "My Widget";
			sourceTree = "<group>";
		};
/* End PBXGroup section */

/* Begin PBXNativeTarget section */
		055CF4F82935BFF900417D96 /* UIKitWidgetExample */ = {
			isa = PBXNativeTarget;
			buildConfigurationList = 055CF50D2935BFFA00417D96 /* Build configuration list for PBXNativeTarget "UIKitWidgetExample" */;
			buildPhases = (
				055CF4F52935BFF900417D96 /* Sources */,
				055CF4F62935BFF900417D96 /* Frameworks */,
				055CF4F72935BFF900417D96 /* Resources */,
				055CF52D2935C02F00417D96 /* Embed Foundation Extensions */,
			);
			buildRules = (
			);
			dependencies = (
				055CF5282935C02F00417D96 /* PBXTargetDependency */,
			);
			name = UIKitWidgetExample;
			productName = UIKitWidgetExample;
			productReference = 055CF4F92935BFF900417D96 /* UIKitWidgetExample.app */;
			productType = "com.apple.product-type.application";
		};
		055CF5132935C02E00417D96 /* My WidgetExtension */ = {
			isa = PBXNativeTarget;
			buildConfigurationList = 055CF52A2935C02F00417D96 /* Build configuration list for PBXNativeTarget "My WidgetExtension" */;
			buildPhases = (
				055CF5102935C02E00417D96 /* Sources */,
				055CF5112935C02E00417D96 /* Frameworks */,
				055CF5122935C02E00417D96 /* Resources */,
			);
			buildRules = (
			);
			dependencies = (
			);
			name = "My WidgetExtension";
			productName = "My WidgetExtension";
			productReference = 055CF5142935C02E00417D96 /* My WidgetExtension.appex */;
			productType = "com.apple.product-type.app-extension";
		};
/* End PBXNativeTarget section */

/* Begin PBXProject section */
		055CF4F12935BFF900417D96 /* Project object */ = {
			isa = PBXProject;
			attributes = {
				BuildIndependentTargetsInParallel = 1;
				LastSwiftUpdateCheck = 1410;
				LastUpgradeCheck = 1410;
				TargetAttributes = {
					055CF4F82935BFF900417D96 = {
						CreatedOnToolsVersion = 14.1;
					};
					055CF5132935C02E00417D96 = {
						CreatedOnToolsVersion = 14.1;
					};
				};
			};
			buildConfigurationList = 055CF4F42935BFF900417D96 /* Build configuration list for PBXProject "UIKitWidgetExample" */;
			compatibilityVersion = "Xcode 14.0";
			developmentRegion = en;
			hasScannedForEncodings = 0;
			knownRegions = (
				en,
				Base,
			);
			mainGroup = 055CF4F02935BFF900417D96;
			productRefGroup = 055CF4FA2935BFF900417D96 /* Products */;
			projectDirPath = "";
			projectRoot = "";
			targets = (
				055CF4F82935BFF900417D96 /* UIKitWidgetExample */,
				055CF5132935C02E00417D96 /* My WidgetExtension */,
			);
		};
/* End PBXProject section */

/* Begin PBXResourcesBuildPhase section */
		055CF4F72935BFF900417D96 /* Resources */ = {
			isa = PBXResourcesBuildPhase;
			buildActionMask = 2147483647;
			files = (
				055CF5092935BFFA00417D96 /* LaunchScreen.storyboard in Resources */,
				055CF5062935BFFA00417D96 /* Assets.xcassets in Resources */,
				055CF5042935BFF900417D96 /* Main.storyboard in Resources */,
			);
			runOnlyForDeploymentPostprocessing = 0;
		};
		055CF5122935C02E00417D96 /* Resources */ = {
			isa = PBXResourcesBuildPhase;
			buildActionMask = 2147483647;
			files = (
				055CF5232935C02F00417D96 /* Assets.xcassets in Resources */,
			);
			runOnlyForDeploymentPostprocessing = 0;
		};
/* End PBXResourcesBuildPhase section */

/* Begin PBXSourcesBuildPhase section */
		055CF4F52935BFF900417D96 /* Sources */ = {
			isa = PBXSourcesBuildPhase;
			buildActionMask = 2147483647;
			files = (
				055CF5262935C02F00417D96 /* My_Widget.intentdefinition in Sources */,
				055CF5012935BFF900417D96 /* ViewController.swift in Sources */,
				055CF4FD2935BFF900417D96 /* AppDelegate.swift in Sources */,
				055CF4FF2935BFF900417D96 /* SceneDelegate.swift in Sources */,
			);
			runOnlyForDeploymentPostprocessing = 0;
		};
		055CF5102935C02E00417D96 /* Sources */ = {
			isa = PBXSourcesBuildPhase;
			buildActionMask = 2147483647;
			files = (
				055CF5252935C02F00417D96 /* My_Widget.intentdefinition in Sources */,
				055CF51E2935C02E00417D96 /* My_WidgetLiveActivity.swift in Sources */,
				055CF51C2935C02E00417D96 /* My_WidgetBundle.swift in Sources */,
				055CF5202935C02E00417D96 /* My_Widget.swift in Sources */,
			);
			runOnlyForDeploymentPostprocessing = 0;
		};
/* End PBXSourcesBuildPhase section */

/* Begin PBXTargetDependency section */
		055CF5282935C02F00417D96 /* PBXTargetDependency */ = {
			isa = PBXTargetDependency;
			target = 055CF5132935C02E00417D96 /* My WidgetExtension */;
			targetProxy = 055CF5272935C02F00417D96 /* PBXContainerItemProxy */;
		};
/* End PBXTargetDependency section */

/* Begin PBXVariantGroup section */
		055CF5022935BFF900417D96 /* Main.storyboard */ = {
			isa = PBXVariantGroup;
			children = (
				055CF5032935BFF900417D96 /* Base */,
			);
			name = Main.storyboard;
			sourceTree = "<group>";
		};
		055CF5072935BFFA00417D96 /* LaunchScreen.storyboard */ = {
			isa = PBXVariantGroup;
			children = (
				055CF5082935BFFA00417D96 /* Base */,
			);
			name = LaunchScreen.storyboard;
			sourceTree = "<group>";
		};
/* End PBXVariantGroup section */

/* Begin XCBuildConfiguration section */
		055CF50B2935BFFA00417D96 /* Debug */ = {
			isa = XCBuildConfiguration;
			buildSettings = {
				ALWAYS_SEARCH_USER_PATHS = NO;
				CLANG_ANALYZER_NONNULL = YES;
				CLANG_ANALYZER_NUMBER_OBJECT_CONVERSION = YES_AGGRESSIVE;
				CLANG_CXX_LANGUAGE_STANDARD = "gnu++20";
				CLANG_ENABLE_MODULES = YES;
				CLANG_ENABLE_OBJC_ARC = YES;
				CLANG_ENABLE_OBJC_WEAK = YES;
				CLANG_WARN_BLOCK_CAPTURE_AUTORELEASING = YES;
				CLANG_WARN_BOOL_CONVERSION = YES;
				CLANG_WARN_COMMA = YES;
				CLANG_WARN_CONSTANT_CONVERSION = YES;
				CLANG_WARN_DEPRECATED_OBJC_IMPLEMENTATIONS = YES;
				CLANG_WARN_DIRECT_OBJC_ISA_USAGE = YES_ERROR;
				CLANG_WARN_DOCUMENTATION_COMMENTS = YES;
				CLANG_WARN_EMPTY_BODY = YES;
				CLANG_WARN_ENUM_CONVERSION = YES;
				CLANG_WARN_INFINITE_RECURSION = YES;
				CLANG_WARN_INT_CONVERSION = YES;
				CLANG_WARN_NON_LITERAL_NULL_CONVERSION = YES;
				CLANG_WARN_OBJC_IMPLICIT_RETAIN_SELF = YES;
				CLANG_WARN_OBJC_LITERAL_CONVERSION = YES;
				CLANG_WARN_OBJC_ROOT_CLASS = YES_ERROR;
				CLANG_WARN_QUOTED_INCLUDE_IN_FRAMEWORK_HEADER = YES;
				CLANG_WARN_RANGE_LOOP_ANALYSIS = YES;
				CLANG_WARN_STRICT_PROTOTYPES = YES;
				CLANG_WARN_SUSPICIOUS_MOVE = YES;
				CLANG_WARN_UNGUARDED_AVAILABILITY = YES_AGGRESSIVE;
				CLANG_WARN_UNREACHABLE_CODE = YES;
				CLANG_WARN__DUPLICATE_METHOD_MATCH = YES;
				COPY_PHASE_STRIP = NO;
				DEBUG_INFORMATION_FORMAT = dwarf;
				ENABLE_STRICT_OBJC_MSGSEND = YES;
				ENABLE_TESTABILITY = YES;
				GCC_C_LANGUAGE_STANDARD = gnu11;
				GCC_DYNAMIC_NO_PIC = NO;
				GCC_NO_COMMON_BLOCKS = YES;
				GCC_OPTIMIZATION_LEVEL = 0;
				GCC_PREPROCESSOR_DEFINITIONS = (
					"DEBUG=1",
					"$(inherited)",
				);
				GCC_WARN_64_TO_32_BIT_CONVERSION = YES;
				GCC_WARN_ABOUT_RETURN_TYPE = YES_ERROR;
				GCC_WARN_UNDECLARED_SELECTOR = YES;
				GCC_WARN_UNINITIALIZED_AUTOS = YES_AGGRESSIVE;
				GCC_WARN_UNUSED_FUNCTION = YES;
				GCC_WARN_UNUSED_VARIABLE = YES;
				IPHONEOS_DEPLOYMENT_TARGET = 16.1;
				MTL_ENABLE_DEBUG_INFO = INCLUDE_SOURCE;
				MTL_FAST_MATH = YES;
				ONLY_ACTIVE_ARCH = YES;
				SDKROOT = iphoneos;
				SWIFT_ACTIVE_COMPILATION_CONDITIONS = DEBUG;
				SWIFT_OPTIMIZATION_LEVEL = "-Onone";
			};
			name = Debug;
		};
		055CF50C2935BFFA00417D96 /* Release */ = {
			isa = XCBuildConfiguration;
			buildSettings = {
				ALWAYS_SEARCH_USER_PATHS = NO;
				CLANG_ANALYZER_NONNULL = YES;
				CLANG_ANALYZER_NUMBER_OBJECT_CONVERSION = YES_AGGRESSIVE;
				CLANG_CXX_LANGUAGE_STANDARD = "gnu++20";
				CLANG_ENABLE_MODULES = YES;
				CLANG_ENABLE_OBJC_ARC = YES;
				CLANG_ENABLE_OBJC_WEAK = YES;
				CLANG_WARN_BLOCK_CAPTURE_AUTORELEASING = YES;
				CLANG_WARN_BOOL_CONVERSION = YES;
				CLANG_WARN_COMMA = YES;
				CLANG_WARN_CONSTANT_CONVERSION = YES;
				CLANG_WARN_DEPRECATED_OBJC_IMPLEMENTATIONS = YES;
				CLANG_WARN_DIRECT_OBJC_ISA_USAGE = YES_ERROR;
				CLANG_WARN_DOCUMENTATION_COMMENTS = YES;
				CLANG_WARN_EMPTY_BODY = YES;
				CLANG_WARN_ENUM_CONVERSION = YES;
				CLANG_WARN_INFINITE_RECURSION = YES;
				CLANG_WARN_INT_CONVERSION = YES;
				CLANG_WARN_NON_LITERAL_NULL_CONVERSION = YES;
				CLANG_WARN_OBJC_IMPLICIT_RETAIN_SELF = YES;
				CLANG_WARN_OBJC_LITERAL_CONVERSION = YES;
				CLANG_WARN_OBJC_ROOT_CLASS = YES_ERROR;
				CLANG_WARN_QUOTED_INCLUDE_IN_FRAMEWORK_HEADER = YES;
				CLANG_WARN_RANGE_LOOP_ANALYSIS = YES;
				CLANG_WARN_STRICT_PROTOTYPES = YES;
				CLANG_WARN_SUSPICIOUS_MOVE = YES;
				CLANG_WARN_UNGUARDED_AVAILABILITY = YES_AGGRESSIVE;
				CLANG_WARN_UNREACHABLE_CODE = YES;
				CLANG_WARN__DUPLICATE_METHOD_MATCH = YES;
				COPY_PHASE_STRIP = NO;
				DEBUG_INFORMATION_FORMAT = "dwarf-with-dsym";
				ENABLE_NS_ASSERTIONS = NO;
				ENABLE_STRICT_OBJC_MSGSEND = YES;
				GCC_C_LANGUAGE_STANDARD = gnu11;
				GCC_NO_COMMON_BLOCKS = YES;
				GCC_WARN_64_TO_32_BIT_CONVERSION = YES;
				GCC_WARN_ABOUT_RETURN_TYPE = YES_ERROR;
				GCC_WARN_UNDECLARED_SELECTOR = YES;
				GCC_WARN_UNINITIALIZED_AUTOS = YES_AGGRESSIVE;
				GCC_WARN_UNUSED_FUNCTION = YES;
				GCC_WARN_UNUSED_VARIABLE = YES;
				IPHONEOS_DEPLOYMENT_TARGET = 16.1;
				MTL_ENABLE_DEBUG_INFO = NO;
				MTL_FAST_MATH = YES;
				SDKROOT = iphoneos;
				SWIFT_COMPILATION_MODE = wholemodule;
				SWIFT_OPTIMIZATION_LEVEL = "-O";
				VALIDATE_PRODUCT = YES;
			};
			name = Release;
		};
		055CF50E2935BFFA00417D96 /* Debug */ = {
			isa = XCBuildConfiguration;
			buildSettings = {
				ALWAYS_EMBED_SWIFT_STANDARD_LIBRARIES = YES;
				ASSETCATALOG_COMPILER_APPICON_NAME = AppIcon;
				ASSETCATALOG_COMPILER_GLOBAL_ACCENT_COLOR_NAME = AccentColor;
				CODE_SIGN_ENTITLEMENTS = UIKitWidgetExample/UIKitWidgetExample.entitlements;
				CODE_SIGN_STYLE = Automatic;
				CURRENT_PROJECT_VERSION = 1;
				DEVELOPMENT_TEAM = TZPPZDYCQY;
				GENERATE_INFOPLIST_FILE = YES;
				INFOPLIST_FILE = UIKitWidgetExample/Info.plist;
				INFOPLIST_KEY_UIApplicationSupportsIndirectInputEvents = YES;
				INFOPLIST_KEY_UILaunchStoryboardName = LaunchScreen;
				INFOPLIST_KEY_UIMainStoryboardFile = Main;
				INFOPLIST_KEY_UISupportedInterfaceOrientations_iPad = "UIInterfaceOrientationPortrait UIInterfaceOrientationPortraitUpsideDown UIInterfaceOrientationLandscapeLeft UIInterfaceOrientationLandscapeRight";
				INFOPLIST_KEY_UISupportedInterfaceOrientations_iPhone = "UIInterfaceOrientationPortrait UIInterfaceOrientationLandscapeLeft UIInterfaceOrientationLandscapeRight";
				LD_RUNPATH_SEARCH_PATHS = (
					"$(inherited)",
					"@executable_path/Frameworks",
				);
				MARKETING_VERSION = 1.0;
				PRODUCT_BUNDLE_IDENTIFIER = com.Shin.UIKitWidgetExample;
				PRODUCT_NAME = "$(TARGET_NAME)";
				SWIFT_EMIT_LOC_STRINGS = YES;
				SWIFT_VERSION = 5.0;
				TARGETED_DEVICE_FAMILY = "1,2";
			};
			name = Debug;
		};
		055CF50F2935BFFA00417D96 /* Release */ = {
			isa = XCBuildConfiguration;
			buildSettings = {
				ALWAYS_EMBED_SWIFT_STANDARD_LIBRARIES = YES;
				ASSETCATALOG_COMPILER_APPICON_NAME = AppIcon;
				ASSETCATALOG_COMPILER_GLOBAL_ACCENT_COLOR_NAME = AccentColor;
				CODE_SIGN_ENTITLEMENTS = UIKitWidgetExample/UIKitWidgetExample.entitlements;
				CODE_SIGN_STYLE = Automatic;
				CURRENT_PROJECT_VERSION = 1;
				DEVELOPMENT_TEAM = TZPPZDYCQY;
				GENERATE_INFOPLIST_FILE = YES;
				INFOPLIST_FILE = UIKitWidgetExample/Info.plist;
				INFOPLIST_KEY_UIApplicationSupportsIndirectInputEvents = YES;
				INFOPLIST_KEY_UILaunchStoryboardName = LaunchScreen;
				INFOPLIST_KEY_UIMainStoryboardFile = Main;
				INFOPLIST_KEY_UISupportedInterfaceOrientations_iPad = "UIInterfaceOrientationPortrait UIInterfaceOrientationPortraitUpsideDown UIInterfaceOrientationLandscapeLeft UIInterfaceOrientationLandscapeRight";
				INFOPLIST_KEY_UISupportedInterfaceOrientations_iPhone = "UIInterfaceOrientationPortrait UIInterfaceOrientationLandscapeLeft UIInterfaceOrientationLandscapeRight";
				LD_RUNPATH_SEARCH_PATHS = (
					"$(inherited)",
					"@executable_path/Frameworks",
				);
				MARKETING_VERSION = 1.0;
				PRODUCT_BUNDLE_IDENTIFIER = com.Shin.UIKitWidgetExample;
				PRODUCT_NAME = "$(TARGET_NAME)";
				SWIFT_EMIT_LOC_STRINGS = YES;
				SWIFT_VERSION = 5.0;
				TARGETED_DEVICE_FAMILY = "1,2";
			};
			name = Release;
		};
		055CF52B2935C02F00417D96 /* Debug */ = {
			isa = XCBuildConfiguration;
			buildSettings = {
				ASSETCATALOG_COMPILER_GLOBAL_ACCENT_COLOR_NAME = AccentColor;
				ASSETCATALOG_COMPILER_WIDGET_BACKGROUND_COLOR_NAME = WidgetBackground;
				CODE_SIGN_ENTITLEMENTS = "My WidgetExtension.entitlements";
				CODE_SIGN_STYLE = Automatic;
				CURRENT_PROJECT_VERSION = 1;
				DEVELOPMENT_TEAM = TZPPZDYCQY;
				GENERATE_INFOPLIST_FILE = YES;
				INFOPLIST_FILE = "My Widget/Info.plist";
				INFOPLIST_KEY_CFBundleDisplayName = "My Widget";
				INFOPLIST_KEY_NSHumanReadableCopyright = "";
				LD_RUNPATH_SEARCH_PATHS = (
					"$(inherited)",
					"@executable_path/Frameworks",
					"@executable_path/../../Frameworks",
				);
				MARKETING_VERSION = 1.0;
				PRODUCT_BUNDLE_IDENTIFIER = "com.Shin.UIKitWidgetExample.My-Widget";
				PRODUCT_NAME = "$(TARGET_NAME)";
				SKIP_INSTALL = YES;
				SWIFT_EMIT_LOC_STRINGS = YES;
				SWIFT_VERSION = 5.0;
				TARGETED_DEVICE_FAMILY = "1,2";
			};
			name = Debug;
		};
		055CF52C2935C02F00417D96 /* Release */ = {
			isa = XCBuildConfiguration;
			buildSettings = {
				ASSETCATALOG_COMPILER_GLOBAL_ACCENT_COLOR_NAME = AccentColor;
				ASSETCATALOG_COMPILER_WIDGET_BACKGROUND_COLOR_NAME = WidgetBackground;
				CODE_SIGN_ENTITLEMENTS = "My WidgetExtension.entitlements";
				CODE_SIGN_STYLE = Automatic;
				CURRENT_PROJECT_VERSION = 1;
				DEVELOPMENT_TEAM = TZPPZDYCQY;
				GENERATE_INFOPLIST_FILE = YES;
				INFOPLIST_FILE = "My Widget/Info.plist";
				INFOPLIST_KEY_CFBundleDisplayName = "My Widget";
				INFOPLIST_KEY_NSHumanReadableCopyright = "";
				LD_RUNPATH_SEARCH_PATHS = (
					"$(inherited)",
					"@executable_path/Frameworks",
					"@executable_path/../../Frameworks",
				);
				MARKETING_VERSION = 1.0;
				PRODUCT_BUNDLE_IDENTIFIER = "com.Shin.UIKitWidgetExample.My-Widget";
				PRODUCT_NAME = "$(TARGET_NAME)";
				SKIP_INSTALL = YES;
				SWIFT_EMIT_LOC_STRINGS = YES;
				SWIFT_VERSION = 5.0;
				TARGETED_DEVICE_FAMILY = "1,2";
			};
			name = Release;
		};
/* End XCBuildConfiguration section */

/* Begin XCConfigurationList section */
		055CF4F42935BFF900417D96 /* Build configuration list for PBXProject "UIKitWidgetExample" */ = {
			isa = XCConfigurationList;
			buildConfigurations = (
				055CF50B2935BFFA00417D96 /* Debug */,
				055CF50C2935BFFA00417D96 /* Release */,
			);
			defaultConfigurationIsVisible = 0;
			defaultConfigurationName = Release;
		};
		055CF50D2935BFFA00417D96 /* Build configuration list for PBXNativeTarget "UIKitWidgetExample" */ = {
			isa = XCConfigurationList;
			buildConfigurations = (
				055CF50E2935BFFA00417D96 /* Debug */,
				055CF50F2935BFFA00417D96 /* Release */,
			);
			defaultConfigurationIsVisible = 0;
			defaultConfigurationName = Release;
		};
		055CF52A2935C02F00417D96 /* Build configuration list for PBXNativeTarget "My WidgetExtension" */ = {
			isa = XCConfigurationList;
			buildConfigurations = (
				055CF52B2935C02F00417D96 /* Debug */,
				055CF52C2935C02F00417D96 /* Release */,
			);
			defaultConfigurationIsVisible = 0;
			defaultConfigurationName = Release;
		};
/* End XCConfigurationList section */
	};
	rootObject = 055CF4F12935BFF900417D96 /* Project object */;
}
